
Microsoft Visual Studio Solution File, Format Version 9.00
# Visual Studio 2005
Project("{8BC9CEB8-8B4A-11D0-8D11-00A0C91BC942}") = "Dragonica", "mobilesuit.vcproj", "{2CD41BDE-C5CD-4417-A560-EEF97EE2F734}"
EndProject
Global
	GlobalSection(SolutionConfigurationPlatforms) = preSolution
		Debug|Win32 = Debug|Win32
		Dragonica_INB_America|Win32 = Dragonica_INB_America|Win32
		Dragonica_INB_G|Win32 = Dragonica_INB_G|Win32
		Dragonica_INB_H_AUTO|Win32 = Dragonica_INB_H_AUTO|Win32
		Dragonica_INB_H_UNAUTO|Win32 = Dragonica_INB_H_UNAUTO|Win32
		Dragonica_INB_Korea|Win32 = Dragonica_INB_Korea|Win32
		Dragonica_INB|Win32 = Dragonica_INB|Win32
		ExternalRelease_America|Win32 = ExternalRelease_America|Win32
		ExternalRelease_G|Win32 = ExternalRelease_G|Win32
		ExternalRelease_H_AUTO|Win32 = ExternalRelease_H_AUTO|Win32
		ExternalRelease_H_UNAUTO|Win32 = ExternalRelease_H_UNAUTO|Win32
		ExternalRelease_Korea|Win32 = ExternalRelease_Korea|Win32
		ExternalRelease|Win32 = ExternalRelease|Win32
		Release|Win32 = Release|Win32
	EndGlobalSection
	GlobalSection(ProjectConfigurationPlatforms) = postSolution
		{2CD41BDE-C5CD-4417-A560-EEF97EE2F734}.Debug|Win32.ActiveCfg = Debug|Win32
		{2CD41BDE-C5CD-4417-A560-EEF97EE2F734}.Debug|Win32.Build.0 = Debug|Win32
		{2CD41BDE-C5CD-4417-A560-EEF97EE2F734}.Dragonica_INB_America|Win32.ActiveCfg = Dragonica_INB_America|Win32
		{2CD41BDE-C5CD-4417-A560-EEF97EE2F734}.Dragonica_INB_America|Win32.Build.0 = Dragonica_INB_America|Win32
		{2CD41BDE-C5CD-4417-A560-EEF97EE2F734}.Dragonica_INB_G|Win32.ActiveCfg = Dragonica_INB_G|Win32
		{2CD41BDE-C5CD-4417-A560-EEF97EE2F734}.Dragonica_INB_G|Win32.Build.0 = Dragonica_INB_G|Win32
		{2CD41BDE-C5CD-4417-A560-EEF97EE2F734}.Dragonica_INB_H_AUTO|Win32.ActiveCfg = Dragonica_INB_H_AUTO|Win32
		{2CD41BDE-C5CD-4417-A560-EEF97EE2F734}.Dragonica_INB_H_AUTO|Win32.Build.0 = Dragonica_INB_H_AUTO|Win32
		{2CD41BDE-C5CD-4417-A560-EEF97EE2F734}.Dragonica_INB_H_UNAUTO|Win32.ActiveCfg = Dragonica_INB_H_UNAUTO|Win32
		{2CD41BDE-C5CD-4417-A560-EEF97EE2F734}.Dragonica_INB_H_UNAUTO|Win32.Build.0 = Dragonica_INB_H_UNAUTO|Win32
		{2CD41BDE-C5CD-4417-A560-EEF97EE2F734}.Dragonica_INB_Korea|Win32.ActiveCfg = Dragonica_INB_Korea|Win32
		{2CD41BDE-C5CD-4417-A560-EEF97EE2F734}.Dragonica_INB_Korea|Win32.Build.0 = Dragonica_INB_Korea|Win32
		{2CD41BDE-C5CD-4417-A560-EEF97EE2F734}.Dragonica_INB|Win32.ActiveCfg = Dragonica_INB|Win32
		{2CD41BDE-C5CD-4417-A560-EEF97EE2F734}.Dragonica_INB|Win32.Build.0 = Dragonica_INB|Win32
		{2CD41BDE-C5CD-4417-A560-EEF97EE2F734}.ExternalRelease_America|Win32.ActiveCfg = ExternalRelease_America|Win32
		{2CD41BDE-C5CD-4417-A560-EEF97EE2F734}.ExternalRelease_America|Win32.Build.0 = ExternalRelease_America|Win32
		{2CD41BDE-C5CD-4417-A560-EEF97EE2F734}.ExternalRelease_G|Win32.ActiveCfg = ExternalRelease_G|Win32
		{2CD41BDE-C5CD-4417-A560-EEF97EE2F734}.ExternalRelease_G|Win32.Build.0 = ExternalRelease_G|Win32
		{2CD41BDE-C5CD-4417-A560-EEF97EE2F734}.ExternalRelease_H_AUTO|Win32.ActiveCfg = ExternalRelease_H_AUTO|Win32
		{2CD41BDE-C5CD-4417-A560-EEF97EE2F734}.ExternalRelease_H_AUTO|Win32.Build.0 = ExternalRelease_H_AUTO|Win32
		{2CD41BDE-C5CD-4417-A560-EEF97EE2F734}.ExternalRelease_H_UNAUTO|Win32.ActiveCfg = ExternalRelease_H_UNAUTO|Win32
		{2CD41BDE-C5CD-4417-A560-EEF97EE2F734}.ExternalRelease_H_UNAUTO|Win32.Build.0 = ExternalRelease_H_UNAUTO|Win32
		{2CD41BDE-C5CD-4417-A560-EEF97EE2F734}.ExternalRelease_Korea|Win32.ActiveCfg = ExternalRelease_Korea|Win32
		{2CD41BDE-C5CD-4417-A560-EEF97EE2F734}.ExternalRelease_Korea|Win32.Build.0 = ExternalRelease_Korea|Win32
		{2CD41BDE-C5CD-4417-A560-EEF97EE2F734}.ExternalRelease|Win32.ActiveCfg = ExternalRelease|Win32
		{2CD41BDE-C5CD-4417-A560-EEF97EE2F734}.ExternalRelease|Win32.Build.0 = ExternalRelease|Win32
		{2CD41BDE-C5CD-4417-A560-EEF97EE2F734}.Release|Win32.ActiveCfg = Release|Win32
		{2CD41BDE-C5CD-4417-A560-EEF97EE2F734}.Release|Win32.Build.0 = Release|Win32
	EndGlobalSection
	GlobalSection(SolutionProperties) = preSolution
		HideSolutionNode = FALSE
	EndGlobalSection
	GlobalSection(DPCodeReviewSolutionGUID) = preSolution
		DPCodeReviewSolutionGUID = {00000000-0000-0000-0000-000000000000}
	EndGlobalSection
EndGlobal
