
Microsoft Visual Studio Solution File, Format Version 9.00
# Visual Studio 2005
Project("{8BC9CEB8-8B4A-11D0-8D11-00A0C91BC942}") = "SceneDesigner_PhysXConvert_Console", "SceneDesigner_PhysXConvert_Console.vcproj", "{C2C3704A-5596-4818-BE53-035DC42C35CA}"
EndProject
Global
	GlobalSection(SolutionConfigurationPlatforms) = preSolution
		Debug|Win32 = Debug|Win32
		Release|Win32 = Release|Win32
	EndGlobalSection
	GlobalSection(ProjectConfigurationPlatforms) = postSolution
		{C2C3704A-5596-4818-BE53-035DC42C35CA}.Debug|Win32.ActiveCfg = Debug|Win32
		{C2C3704A-5596-4818-BE53-035DC42C35CA}.Debug|Win32.Build.0 = Debug|Win32
		{C2C3704A-5596-4818-BE53-035DC42C35CA}.Release|Win32.ActiveCfg = Release|Win32
		{C2C3704A-5596-4818-BE53-035DC42C35CA}.Release|Win32.Build.0 = Release|Win32
	EndGlobalSection
	GlobalSection(SolutionProperties) = preSolution
		HideSolutionNode = FALSE
	EndGlobalSection
EndGlobal
