
Microsoft Visual Studio Solution File, Format Version 9.00
# Visual Studio 2005
Project("{8BC9CEB8-8B4A-11D0-8D11-00A0C91BC942}") = "PatchLib", "PatchLib.vcproj", "{ABE9AD2C-C162-4D5B-9F8A-0C39D735BC2F}"
	ProjectSection(ProjectDependencies) = postProject
		{E524877C-B337-460E-9217-9043A8050E3E} = {E524877C-B337-460E-9217-9043A8050E3E}
		{A3A84737-5017-4577-B8A2-79429A25B8B6} = {A3A84737-5017-4577-B8A2-79429A25B8B6}
		{C1344E6D-6CF5-44DF-8244-3A05EB218165} = {C1344E6D-6CF5-44DF-8244-3A05EB218165}
		{EAC36CA9-E23E-B83E-F5F1-F8E489EBC897} = {EAC36CA9-E23E-B83E-F5F1-F8E489EBC897}
		{C75E3C1D-38A9-47E8-8F0C-8674BC326899} = {C75E3C1D-38A9-47E8-8F0C-8674BC326899}
		{BB77EE9C-B2DE-4255-83C1-14FF7FBAF3C1} = {BB77EE9C-B2DE-4255-83C1-14FF7FBAF3C1}
		{D160D434-BEB1-43C6-8A20-6F7AF04C424A} = {D160D434-BEB1-43C6-8A20-6F7AF04C424A}
		{0E30205A-B3BA-40AF-BFE2-BEDAA60FEAFF} = {0E30205A-B3BA-40AF-BFE2-BEDAA60FEAFF}
		{5CA5DAE6-EBB9-42B4-A6E8-98D37FC3E8DD} = {5CA5DAE6-EBB9-42B4-A6E8-98D37FC3E8DD}
		{CBDB8E7A-4286-4AE3-A190-BA33D7C53FF0} = {CBDB8E7A-4286-4AE3-A190-BA33D7C53FF0}
		{2B48E850-C6AE-4408-8C84-C4EBBE5B8162} = {2B48E850-C6AE-4408-8C84-C4EBBE5B8162}
		{E538F866-FFF4-4CA3-B003-275DD38C8EC2} = {E538F866-FFF4-4CA3-B003-275DD38C8EC2}
		{14E52235-FECA-1BAD-6757-8A6348CB1278} = {14E52235-FECA-1BAD-6757-8A6348CB1278}
	EndProjectSection
EndProject
Project("{8BC9CEB8-8B4A-11D0-8D11-00A0C91BC942}") = "Loki", "..\..\..\Core\cosmos_src\include\loki\Loki 0.1.6\src\Library.vcproj", "{CBDB8E7A-4286-4AE3-A190-BA33D7C53FF0}"
EndProject
Project("{8BC9CEB8-8B4A-11D0-8D11-00A0C91BC942}") = "lua_tinker", "..\..\..\Core\cosmos_src\include\lua_tinker\lua_tinker.vcproj", "{0E30205A-B3BA-40AF-BFE2-BEDAA60FEAFF}"
	ProjectSection(ProjectDependencies) = postProject
		{5CA5DAE6-EBB9-42B4-A6E8-98D37FC3E8DD} = {5CA5DAE6-EBB9-42B4-A6E8-98D37FC3E8DD}
	EndProjectSection
EndProject
Project("{8BC9CEB8-8B4A-11D0-8D11-00A0C91BC942}") = "LZO", "..\..\..\Core\cosmos_src\include\lzo\LZO.vcproj", "{BB77EE9C-B2DE-4255-83C1-14FF7FBAF3C1}"
EndProject
Project("{8BC9CEB8-8B4A-11D0-8D11-00A0C91BC942}") = "minizip", "..\..\..\Core\cosmos_src\include\minizip\minizip.vcproj", "{C75E3C1D-38A9-47E8-8F0C-8674BC326899}"
EndProject
Project("{8BC9CEB8-8B4A-11D0-8D11-00A0C91BC942}") = "RandomLib", "..\..\..\Core\cosmos_src\include\RandomLib\RandomLib.vcproj", "{EAC36CA9-E23E-B83E-F5F1-F8E489EBC897}"
EndProject
Project("{8BC9CEB8-8B4A-11D0-8D11-00A0C91BC942}") = "tinyxmlSTL", "..\..\..\Core\cosmos_src\include\tinyxml\tinyxmlSTL.vcproj", "{A3A84737-5017-4577-B8A2-79429A25B8B6}"
EndProject
Project("{8BC9CEB8-8B4A-11D0-8D11-00A0C91BC942}") = "zlib", "..\..\..\Core\cosmos_src\include\zlib\projects\visualc6\zlib.vcproj", "{E524877C-B337-460E-9217-9043A8050E3E}"
EndProject
Project("{8BC9CEB8-8B4A-11D0-8D11-00A0C91BC942}") = "LuaDebuggerLIB", "..\..\..\Core\cosmos_src\include\LuaDev\LuaDebugger.vcproj", "{D160D434-BEB1-43C6-8A20-6F7AF04C424A}"
	ProjectSection(ProjectDependencies) = postProject
		{5CA5DAE6-EBB9-42B4-A6E8-98D37FC3E8DD} = {5CA5DAE6-EBB9-42B4-A6E8-98D37FC3E8DD}
		{0E30205A-B3BA-40AF-BFE2-BEDAA60FEAFF} = {0E30205A-B3BA-40AF-BFE2-BEDAA60FEAFF}
	EndProjectSection
EndProject
Project("{8BC9CEB8-8B4A-11D0-8D11-00A0C91BC942}") = "lua_lib", "..\..\..\Core\cosmos_src\include\lua\lua_lib\lua_lib.vcproj", "{5CA5DAE6-EBB9-42B4-A6E8-98D37FC3E8DD}"
EndProject
Project("{8BC9CEB8-8B4A-11D0-8D11-00A0C91BC942}") = "ACE_vc8_Static", "..\..\..\Core\cosmos_src\include\ace\ACE_vc8_Static.vcproj", "{14E52235-FECA-1BAD-6757-8A6348CB1278}"
EndProject
Project("{8BC9CEB8-8B4A-11D0-8D11-00A0C91BC942}") = "BM", "..\..\..\Core\cosmos_src\include\BM\BM.vcproj", "{E538F866-FFF4-4CA3-B003-275DD38C8EC2}"
EndProject
Project("{8BC9CEB8-8B4A-11D0-8D11-00A0C91BC942}") = "DataPack", "..\..\..\Core\cosmos_src\include\DataPack\DataPack.vcproj", "{2B48E850-C6AE-4408-8C84-C4EBBE5B8162}"
	ProjectSection(ProjectDependencies) = postProject
		{E538F866-FFF4-4CA3-B003-275DD38C8EC2} = {E538F866-FFF4-4CA3-B003-275DD38C8EC2}
	EndProjectSection
EndProject
Project("{8BC9CEB8-8B4A-11D0-8D11-00A0C91BC942}") = "SimpEnc", "..\..\..\Core\cosmos_src\include\SimpEnc\SimpEnc.vcproj", "{C1344E6D-6CF5-44DF-8244-3A05EB218165}"
EndProject
Global
	GlobalSection(SolutionConfigurationPlatforms) = preSolution
		Debug|Win32 = Debug|Win32
		Debug|x64 = Debug|x64
		Lib MD|Win32 = Lib MD|Win32
		Lib MD|x64 = Lib MD|x64
		Lib MDd|Win32 = Lib MDd|Win32
		Lib MDd|x64 = Lib MDd|x64
		Lib MDo|Win32 = Lib MDo|Win32
		Lib MDo|x64 = Lib MDo|x64
		Lib MT|Win32 = Lib MT|Win32
		Lib MT|x64 = Lib MT|x64
		Lib MTd|Win32 = Lib MTd|Win32
		Lib MTd|x64 = Lib MTd|x64
		Lib MTo|Win32 = Lib MTo|Win32
		Lib MTo|x64 = Lib MTo|x64
		Release|Win32 = Release|Win32
		Release|x64 = Release|x64
	EndGlobalSection
	GlobalSection(ProjectConfigurationPlatforms) = postSolution
		{ABE9AD2C-C162-4D5B-9F8A-0C39D735BC2F}.Debug|Win32.ActiveCfg = Debug|Win32
		{ABE9AD2C-C162-4D5B-9F8A-0C39D735BC2F}.Debug|Win32.Build.0 = Debug|Win32
		{ABE9AD2C-C162-4D5B-9F8A-0C39D735BC2F}.Debug|x64.ActiveCfg = Debug|Win32
		{ABE9AD2C-C162-4D5B-9F8A-0C39D735BC2F}.Lib MD|Win32.ActiveCfg = Release|Win32
		{ABE9AD2C-C162-4D5B-9F8A-0C39D735BC2F}.Lib MD|Win32.Build.0 = Release|Win32
		{ABE9AD2C-C162-4D5B-9F8A-0C39D735BC2F}.Lib MD|x64.ActiveCfg = Release|Win32
		{ABE9AD2C-C162-4D5B-9F8A-0C39D735BC2F}.Lib MDd|Win32.ActiveCfg = Release|Win32
		{ABE9AD2C-C162-4D5B-9F8A-0C39D735BC2F}.Lib MDd|Win32.Build.0 = Release|Win32
		{ABE9AD2C-C162-4D5B-9F8A-0C39D735BC2F}.Lib MDd|x64.ActiveCfg = Release|Win32
		{ABE9AD2C-C162-4D5B-9F8A-0C39D735BC2F}.Lib MDo|Win32.ActiveCfg = Release|Win32
		{ABE9AD2C-C162-4D5B-9F8A-0C39D735BC2F}.Lib MDo|Win32.Build.0 = Release|Win32
		{ABE9AD2C-C162-4D5B-9F8A-0C39D735BC2F}.Lib MDo|x64.ActiveCfg = Release|Win32
		{ABE9AD2C-C162-4D5B-9F8A-0C39D735BC2F}.Lib MT|Win32.ActiveCfg = Release|Win32
		{ABE9AD2C-C162-4D5B-9F8A-0C39D735BC2F}.Lib MT|Win32.Build.0 = Release|Win32
		{ABE9AD2C-C162-4D5B-9F8A-0C39D735BC2F}.Lib MT|x64.ActiveCfg = Release|Win32
		{ABE9AD2C-C162-4D5B-9F8A-0C39D735BC2F}.Lib MTd|Win32.ActiveCfg = Release|Win32
		{ABE9AD2C-C162-4D5B-9F8A-0C39D735BC2F}.Lib MTd|Win32.Build.0 = Release|Win32
		{ABE9AD2C-C162-4D5B-9F8A-0C39D735BC2F}.Lib MTd|x64.ActiveCfg = Release|Win32
		{ABE9AD2C-C162-4D5B-9F8A-0C39D735BC2F}.Lib MTo|Win32.ActiveCfg = Release|Win32
		{ABE9AD2C-C162-4D5B-9F8A-0C39D735BC2F}.Lib MTo|Win32.Build.0 = Release|Win32
		{ABE9AD2C-C162-4D5B-9F8A-0C39D735BC2F}.Lib MTo|x64.ActiveCfg = Release|Win32
		{ABE9AD2C-C162-4D5B-9F8A-0C39D735BC2F}.Release|Win32.ActiveCfg = Release|Win32
		{ABE9AD2C-C162-4D5B-9F8A-0C39D735BC2F}.Release|Win32.Build.0 = Release|Win32
		{ABE9AD2C-C162-4D5B-9F8A-0C39D735BC2F}.Release|x64.ActiveCfg = Release|Win32
		{CBDB8E7A-4286-4AE3-A190-BA33D7C53FF0}.Debug|Win32.ActiveCfg = Lib MDd|Win32
		{CBDB8E7A-4286-4AE3-A190-BA33D7C53FF0}.Debug|Win32.Build.0 = Lib MDd|Win32
		{CBDB8E7A-4286-4AE3-A190-BA33D7C53FF0}.Debug|x64.ActiveCfg = Lib MDd|Win32
		{CBDB8E7A-4286-4AE3-A190-BA33D7C53FF0}.Lib MD|Win32.ActiveCfg = Lib MD|Win32
		{CBDB8E7A-4286-4AE3-A190-BA33D7C53FF0}.Lib MD|Win32.Build.0 = Lib MD|Win32
		{CBDB8E7A-4286-4AE3-A190-BA33D7C53FF0}.Lib MD|x64.ActiveCfg = Lib MD|Win32
		{CBDB8E7A-4286-4AE3-A190-BA33D7C53FF0}.Lib MDd|Win32.ActiveCfg = Lib MDd|Win32
		{CBDB8E7A-4286-4AE3-A190-BA33D7C53FF0}.Lib MDd|Win32.Build.0 = Lib MDd|Win32
		{CBDB8E7A-4286-4AE3-A190-BA33D7C53FF0}.Lib MDd|x64.ActiveCfg = Lib MDd|Win32
		{CBDB8E7A-4286-4AE3-A190-BA33D7C53FF0}.Lib MDo|Win32.ActiveCfg = Lib MDo|Win32
		{CBDB8E7A-4286-4AE3-A190-BA33D7C53FF0}.Lib MDo|Win32.Build.0 = Lib MDo|Win32
		{CBDB8E7A-4286-4AE3-A190-BA33D7C53FF0}.Lib MDo|x64.ActiveCfg = Lib MDo|Win32
		{CBDB8E7A-4286-4AE3-A190-BA33D7C53FF0}.Lib MT|Win32.ActiveCfg = Lib MT|Win32
		{CBDB8E7A-4286-4AE3-A190-BA33D7C53FF0}.Lib MT|Win32.Build.0 = Lib MT|Win32
		{CBDB8E7A-4286-4AE3-A190-BA33D7C53FF0}.Lib MT|x64.ActiveCfg = Lib MT|Win32
		{CBDB8E7A-4286-4AE3-A190-BA33D7C53FF0}.Lib MTd|Win32.ActiveCfg = Lib MTd|Win32
		{CBDB8E7A-4286-4AE3-A190-BA33D7C53FF0}.Lib MTd|Win32.Build.0 = Lib MTd|Win32
		{CBDB8E7A-4286-4AE3-A190-BA33D7C53FF0}.Lib MTd|x64.ActiveCfg = Lib MTd|Win32
		{CBDB8E7A-4286-4AE3-A190-BA33D7C53FF0}.Lib MTo|Win32.ActiveCfg = Lib MTo|Win32
		{CBDB8E7A-4286-4AE3-A190-BA33D7C53FF0}.Lib MTo|Win32.Build.0 = Lib MTo|Win32
		{CBDB8E7A-4286-4AE3-A190-BA33D7C53FF0}.Lib MTo|x64.ActiveCfg = Lib MTo|Win32
		{CBDB8E7A-4286-4AE3-A190-BA33D7C53FF0}.Release|Win32.ActiveCfg = Lib MT|Win32
		{CBDB8E7A-4286-4AE3-A190-BA33D7C53FF0}.Release|Win32.Build.0 = Lib MT|Win32
		{CBDB8E7A-4286-4AE3-A190-BA33D7C53FF0}.Release|x64.ActiveCfg = Lib MDd|Win32
		{0E30205A-B3BA-40AF-BFE2-BEDAA60FEAFF}.Debug|Win32.ActiveCfg = Lib MDd|Win32
		{0E30205A-B3BA-40AF-BFE2-BEDAA60FEAFF}.Debug|Win32.Build.0 = Lib MDd|Win32
		{0E30205A-B3BA-40AF-BFE2-BEDAA60FEAFF}.Debug|x64.ActiveCfg = Lib MDd|Win32
		{0E30205A-B3BA-40AF-BFE2-BEDAA60FEAFF}.Lib MD|Win32.ActiveCfg = Lib MD|Win32
		{0E30205A-B3BA-40AF-BFE2-BEDAA60FEAFF}.Lib MD|Win32.Build.0 = Lib MD|Win32
		{0E30205A-B3BA-40AF-BFE2-BEDAA60FEAFF}.Lib MD|x64.ActiveCfg = Lib MD|Win32
		{0E30205A-B3BA-40AF-BFE2-BEDAA60FEAFF}.Lib MDd|Win32.ActiveCfg = Lib MDd|Win32
		{0E30205A-B3BA-40AF-BFE2-BEDAA60FEAFF}.Lib MDd|Win32.Build.0 = Lib MDd|Win32
		{0E30205A-B3BA-40AF-BFE2-BEDAA60FEAFF}.Lib MDd|x64.ActiveCfg = Lib MDd|Win32
		{0E30205A-B3BA-40AF-BFE2-BEDAA60FEAFF}.Lib MDo|Win32.ActiveCfg = Lib MDo|Win32
		{0E30205A-B3BA-40AF-BFE2-BEDAA60FEAFF}.Lib MDo|Win32.Build.0 = Lib MDo|Win32
		{0E30205A-B3BA-40AF-BFE2-BEDAA60FEAFF}.Lib MDo|x64.ActiveCfg = Lib MDo|Win32
		{0E30205A-B3BA-40AF-BFE2-BEDAA60FEAFF}.Lib MT|Win32.ActiveCfg = Lib MT|Win32
		{0E30205A-B3BA-40AF-BFE2-BEDAA60FEAFF}.Lib MT|Win32.Build.0 = Lib MT|Win32
		{0E30205A-B3BA-40AF-BFE2-BEDAA60FEAFF}.Lib MT|x64.ActiveCfg = Lib MT|Win32
		{0E30205A-B3BA-40AF-BFE2-BEDAA60FEAFF}.Lib MTd|Win32.ActiveCfg = Lib MTd|Win32
		{0E30205A-B3BA-40AF-BFE2-BEDAA60FEAFF}.Lib MTd|Win32.Build.0 = Lib MTd|Win32
		{0E30205A-B3BA-40AF-BFE2-BEDAA60FEAFF}.Lib MTd|x64.ActiveCfg = Lib MTd|Win32
		{0E30205A-B3BA-40AF-BFE2-BEDAA60FEAFF}.Lib MTo|Win32.ActiveCfg = Lib MTo|Win32
		{0E30205A-B3BA-40AF-BFE2-BEDAA60FEAFF}.Lib MTo|Win32.Build.0 = Lib MTo|Win32
		{0E30205A-B3BA-40AF-BFE2-BEDAA60FEAFF}.Lib MTo|x64.ActiveCfg = Lib MTo|Win32
		{0E30205A-B3BA-40AF-BFE2-BEDAA60FEAFF}.Release|Win32.ActiveCfg = Lib MT|Win32
		{0E30205A-B3BA-40AF-BFE2-BEDAA60FEAFF}.Release|Win32.Build.0 = Lib MT|Win32
		{0E30205A-B3BA-40AF-BFE2-BEDAA60FEAFF}.Release|x64.ActiveCfg = Lib MDd|Win32
		{BB77EE9C-B2DE-4255-83C1-14FF7FBAF3C1}.Debug|Win32.ActiveCfg = Lib MDd|Win32
		{BB77EE9C-B2DE-4255-83C1-14FF7FBAF3C1}.Debug|Win32.Build.0 = Lib MDd|Win32
		{BB77EE9C-B2DE-4255-83C1-14FF7FBAF3C1}.Debug|x64.ActiveCfg = Lib MDd|Win32
		{BB77EE9C-B2DE-4255-83C1-14FF7FBAF3C1}.Lib MD|Win32.ActiveCfg = Lib MD|Win32
		{BB77EE9C-B2DE-4255-83C1-14FF7FBAF3C1}.Lib MD|Win32.Build.0 = Lib MD|Win32
		{BB77EE9C-B2DE-4255-83C1-14FF7FBAF3C1}.Lib MD|x64.ActiveCfg = Lib MD|Win32
		{BB77EE9C-B2DE-4255-83C1-14FF7FBAF3C1}.Lib MDd|Win32.ActiveCfg = Lib MDd|Win32
		{BB77EE9C-B2DE-4255-83C1-14FF7FBAF3C1}.Lib MDd|Win32.Build.0 = Lib MDd|Win32
		{BB77EE9C-B2DE-4255-83C1-14FF7FBAF3C1}.Lib MDd|x64.ActiveCfg = Lib MDd|Win32
		{BB77EE9C-B2DE-4255-83C1-14FF7FBAF3C1}.Lib MDo|Win32.ActiveCfg = Lib MDo|Win32
		{BB77EE9C-B2DE-4255-83C1-14FF7FBAF3C1}.Lib MDo|Win32.Build.0 = Lib MDo|Win32
		{BB77EE9C-B2DE-4255-83C1-14FF7FBAF3C1}.Lib MDo|x64.ActiveCfg = Lib MDo|Win32
		{BB77EE9C-B2DE-4255-83C1-14FF7FBAF3C1}.Lib MT|Win32.ActiveCfg = Lib MT|Win32
		{BB77EE9C-B2DE-4255-83C1-14FF7FBAF3C1}.Lib MT|Win32.Build.0 = Lib MT|Win32
		{BB77EE9C-B2DE-4255-83C1-14FF7FBAF3C1}.Lib MT|x64.ActiveCfg = Lib MT|Win32
		{BB77EE9C-B2DE-4255-83C1-14FF7FBAF3C1}.Lib MTd|Win32.ActiveCfg = Lib MTd|Win32
		{BB77EE9C-B2DE-4255-83C1-14FF7FBAF3C1}.Lib MTd|Win32.Build.0 = Lib MTd|Win32
		{BB77EE9C-B2DE-4255-83C1-14FF7FBAF3C1}.Lib MTd|x64.ActiveCfg = Lib MTd|Win32
		{BB77EE9C-B2DE-4255-83C1-14FF7FBAF3C1}.Lib MTo|Win32.ActiveCfg = Lib MTo|Win32
		{BB77EE9C-B2DE-4255-83C1-14FF7FBAF3C1}.Lib MTo|Win32.Build.0 = Lib MTo|Win32
		{BB77EE9C-B2DE-4255-83C1-14FF7FBAF3C1}.Lib MTo|x64.ActiveCfg = Lib MTo|Win32
		{BB77EE9C-B2DE-4255-83C1-14FF7FBAF3C1}.Release|Win32.ActiveCfg = Lib MT|Win32
		{BB77EE9C-B2DE-4255-83C1-14FF7FBAF3C1}.Release|Win32.Build.0 = Lib MT|Win32
		{BB77EE9C-B2DE-4255-83C1-14FF7FBAF3C1}.Release|x64.ActiveCfg = Lib MDd|Win32
		{C75E3C1D-38A9-47E8-8F0C-8674BC326899}.Debug|Win32.ActiveCfg = Lib MDd|Win32
		{C75E3C1D-38A9-47E8-8F0C-8674BC326899}.Debug|Win32.Build.0 = Lib MDd|Win32
		{C75E3C1D-38A9-47E8-8F0C-8674BC326899}.Debug|x64.ActiveCfg = Lib MDd|Win32
		{C75E3C1D-38A9-47E8-8F0C-8674BC326899}.Lib MD|Win32.ActiveCfg = Lib MD|Win32
		{C75E3C1D-38A9-47E8-8F0C-8674BC326899}.Lib MD|Win32.Build.0 = Lib MD|Win32
		{C75E3C1D-38A9-47E8-8F0C-8674BC326899}.Lib MD|x64.ActiveCfg = Lib MD|Win32
		{C75E3C1D-38A9-47E8-8F0C-8674BC326899}.Lib MDd|Win32.ActiveCfg = Lib MDd|Win32
		{C75E3C1D-38A9-47E8-8F0C-8674BC326899}.Lib MDd|Win32.Build.0 = Lib MDd|Win32
		{C75E3C1D-38A9-47E8-8F0C-8674BC326899}.Lib MDd|x64.ActiveCfg = Lib MDd|Win32
		{C75E3C1D-38A9-47E8-8F0C-8674BC326899}.Lib MDo|Win32.ActiveCfg = Lib MDo|Win32
		{C75E3C1D-38A9-47E8-8F0C-8674BC326899}.Lib MDo|Win32.Build.0 = Lib MDo|Win32
		{C75E3C1D-38A9-47E8-8F0C-8674BC326899}.Lib MDo|x64.ActiveCfg = Lib MDo|Win32
		{C75E3C1D-38A9-47E8-8F0C-8674BC326899}.Lib MT|Win32.ActiveCfg = Lib MT|Win32
		{C75E3C1D-38A9-47E8-8F0C-8674BC326899}.Lib MT|Win32.Build.0 = Lib MT|Win32
		{C75E3C1D-38A9-47E8-8F0C-8674BC326899}.Lib MT|x64.ActiveCfg = Lib MT|Win32
		{C75E3C1D-38A9-47E8-8F0C-8674BC326899}.Lib MTd|Win32.ActiveCfg = Lib MTd|Win32
		{C75E3C1D-38A9-47E8-8F0C-8674BC326899}.Lib MTd|Win32.Build.0 = Lib MTd|Win32
		{C75E3C1D-38A9-47E8-8F0C-8674BC326899}.Lib MTd|x64.ActiveCfg = Lib MTd|Win32
		{C75E3C1D-38A9-47E8-8F0C-8674BC326899}.Lib MTo|Win32.ActiveCfg = Lib MTo|Win32
		{C75E3C1D-38A9-47E8-8F0C-8674BC326899}.Lib MTo|Win32.Build.0 = Lib MTo|Win32
		{C75E3C1D-38A9-47E8-8F0C-8674BC326899}.Lib MTo|x64.ActiveCfg = Lib MTo|Win32
		{C75E3C1D-38A9-47E8-8F0C-8674BC326899}.Release|Win32.ActiveCfg = Lib MT|Win32
		{C75E3C1D-38A9-47E8-8F0C-8674BC326899}.Release|Win32.Build.0 = Lib MT|Win32
		{C75E3C1D-38A9-47E8-8F0C-8674BC326899}.Release|x64.ActiveCfg = Lib MDd|Win32
		{EAC36CA9-E23E-B83E-F5F1-F8E489EBC897}.Debug|Win32.ActiveCfg = Lib MDd|Win32
		{EAC36CA9-E23E-B83E-F5F1-F8E489EBC897}.Debug|Win32.Build.0 = Lib MDd|Win32
		{EAC36CA9-E23E-B83E-F5F1-F8E489EBC897}.Debug|x64.ActiveCfg = Lib MDd|Win32
		{EAC36CA9-E23E-B83E-F5F1-F8E489EBC897}.Lib MD|Win32.ActiveCfg = Lib MD|Win32
		{EAC36CA9-E23E-B83E-F5F1-F8E489EBC897}.Lib MD|Win32.Build.0 = Lib MD|Win32
		{EAC36CA9-E23E-B83E-F5F1-F8E489EBC897}.Lib MD|x64.ActiveCfg = Lib MD|Win32
		{EAC36CA9-E23E-B83E-F5F1-F8E489EBC897}.Lib MDd|Win32.ActiveCfg = Lib MDd|Win32
		{EAC36CA9-E23E-B83E-F5F1-F8E489EBC897}.Lib MDd|Win32.Build.0 = Lib MDd|Win32
		{EAC36CA9-E23E-B83E-F5F1-F8E489EBC897}.Lib MDd|x64.ActiveCfg = Lib MDd|Win32
		{EAC36CA9-E23E-B83E-F5F1-F8E489EBC897}.Lib MDo|Win32.ActiveCfg = Lib MDo|Win32
		{EAC36CA9-E23E-B83E-F5F1-F8E489EBC897}.Lib MDo|Win32.Build.0 = Lib MDo|Win32
		{EAC36CA9-E23E-B83E-F5F1-F8E489EBC897}.Lib MDo|x64.ActiveCfg = Lib MDo|Win32
		{EAC36CA9-E23E-B83E-F5F1-F8E489EBC897}.Lib MT|Win32.ActiveCfg = Lib MT|Win32
		{EAC36CA9-E23E-B83E-F5F1-F8E489EBC897}.Lib MT|Win32.Build.0 = Lib MT|Win32
		{EAC36CA9-E23E-B83E-F5F1-F8E489EBC897}.Lib MT|x64.ActiveCfg = Lib MT|Win32
		{EAC36CA9-E23E-B83E-F5F1-F8E489EBC897}.Lib MTd|Win32.ActiveCfg = Lib MTd|Win32
		{EAC36CA9-E23E-B83E-F5F1-F8E489EBC897}.Lib MTd|Win32.Build.0 = Lib MTd|Win32
		{EAC36CA9-E23E-B83E-F5F1-F8E489EBC897}.Lib MTd|x64.ActiveCfg = Lib MTd|Win32
		{EAC36CA9-E23E-B83E-F5F1-F8E489EBC897}.Lib MTo|Win32.ActiveCfg = Lib MTo|Win32
		{EAC36CA9-E23E-B83E-F5F1-F8E489EBC897}.Lib MTo|Win32.Build.0 = Lib MTo|Win32
		{EAC36CA9-E23E-B83E-F5F1-F8E489EBC897}.Lib MTo|x64.ActiveCfg = Lib MTo|Win32
		{EAC36CA9-E23E-B83E-F5F1-F8E489EBC897}.Release|Win32.ActiveCfg = Lib MT|Win32
		{EAC36CA9-E23E-B83E-F5F1-F8E489EBC897}.Release|Win32.Build.0 = Lib MT|Win32
		{EAC36CA9-E23E-B83E-F5F1-F8E489EBC897}.Release|x64.ActiveCfg = Lib MDd|Win32
		{A3A84737-5017-4577-B8A2-79429A25B8B6}.Debug|Win32.ActiveCfg = Lib MDd|Win32
		{A3A84737-5017-4577-B8A2-79429A25B8B6}.Debug|Win32.Build.0 = Lib MDd|Win32
		{A3A84737-5017-4577-B8A2-79429A25B8B6}.Debug|x64.ActiveCfg = Lib MDd|Win32
		{A3A84737-5017-4577-B8A2-79429A25B8B6}.Lib MD|Win32.ActiveCfg = Lib MD|Win32
		{A3A84737-5017-4577-B8A2-79429A25B8B6}.Lib MD|Win32.Build.0 = Lib MD|Win32
		{A3A84737-5017-4577-B8A2-79429A25B8B6}.Lib MD|x64.ActiveCfg = Lib MD|Win32
		{A3A84737-5017-4577-B8A2-79429A25B8B6}.Lib MDd|Win32.ActiveCfg = Lib MDd|Win32
		{A3A84737-5017-4577-B8A2-79429A25B8B6}.Lib MDd|Win32.Build.0 = Lib MDd|Win32
		{A3A84737-5017-4577-B8A2-79429A25B8B6}.Lib MDd|x64.ActiveCfg = Lib MDd|Win32
		{A3A84737-5017-4577-B8A2-79429A25B8B6}.Lib MDo|Win32.ActiveCfg = Lib MDo|Win32
		{A3A84737-5017-4577-B8A2-79429A25B8B6}.Lib MDo|Win32.Build.0 = Lib MDo|Win32
		{A3A84737-5017-4577-B8A2-79429A25B8B6}.Lib MDo|x64.ActiveCfg = Lib MDo|Win32
		{A3A84737-5017-4577-B8A2-79429A25B8B6}.Lib MT|Win32.ActiveCfg = Lib MT|Win32
		{A3A84737-5017-4577-B8A2-79429A25B8B6}.Lib MT|Win32.Build.0 = Lib MT|Win32
		{A3A84737-5017-4577-B8A2-79429A25B8B6}.Lib MT|x64.ActiveCfg = Lib MT|Win32
		{A3A84737-5017-4577-B8A2-79429A25B8B6}.Lib MTd|Win32.ActiveCfg = Lib MTd|Win32
		{A3A84737-5017-4577-B8A2-79429A25B8B6}.Lib MTd|Win32.Build.0 = Lib MTd|Win32
		{A3A84737-5017-4577-B8A2-79429A25B8B6}.Lib MTd|x64.ActiveCfg = Lib MTd|Win32
		{A3A84737-5017-4577-B8A2-79429A25B8B6}.Lib MTo|Win32.ActiveCfg = Lib MTo|Win32
		{A3A84737-5017-4577-B8A2-79429A25B8B6}.Lib MTo|Win32.Build.0 = Lib MTo|Win32
		{A3A84737-5017-4577-B8A2-79429A25B8B6}.Lib MTo|x64.ActiveCfg = Lib MTo|Win32
		{A3A84737-5017-4577-B8A2-79429A25B8B6}.Release|Win32.ActiveCfg = Lib MT|Win32
		{A3A84737-5017-4577-B8A2-79429A25B8B6}.Release|Win32.Build.0 = Lib MT|Win32
		{A3A84737-5017-4577-B8A2-79429A25B8B6}.Release|x64.ActiveCfg = Lib MDd|Win32
		{E524877C-B337-460E-9217-9043A8050E3E}.Debug|Win32.ActiveCfg = Lib MDd|Win32
		{E524877C-B337-460E-9217-9043A8050E3E}.Debug|Win32.Build.0 = Lib MDd|Win32
		{E524877C-B337-460E-9217-9043A8050E3E}.Debug|x64.ActiveCfg = Lib MDd|Win32
		{E524877C-B337-460E-9217-9043A8050E3E}.Lib MD|Win32.ActiveCfg = Lib MD|Win32
		{E524877C-B337-460E-9217-9043A8050E3E}.Lib MD|Win32.Build.0 = Lib MD|Win32
		{E524877C-B337-460E-9217-9043A8050E3E}.Lib MD|x64.ActiveCfg = Lib MD|Win32
		{E524877C-B337-460E-9217-9043A8050E3E}.Lib MDd|Win32.ActiveCfg = Lib MDd|Win32
		{E524877C-B337-460E-9217-9043A8050E3E}.Lib MDd|Win32.Build.0 = Lib MDd|Win32
		{E524877C-B337-460E-9217-9043A8050E3E}.Lib MDd|x64.ActiveCfg = Lib MDd|Win32
		{E524877C-B337-460E-9217-9043A8050E3E}.Lib MDo|Win32.ActiveCfg = Lib MDo|Win32
		{E524877C-B337-460E-9217-9043A8050E3E}.Lib MDo|Win32.Build.0 = Lib MDo|Win32
		{E524877C-B337-460E-9217-9043A8050E3E}.Lib MDo|x64.ActiveCfg = Lib MDo|Win32
		{E524877C-B337-460E-9217-9043A8050E3E}.Lib MT|Win32.ActiveCfg = Lib MT|Win32
		{E524877C-B337-460E-9217-9043A8050E3E}.Lib MT|Win32.Build.0 = Lib MT|Win32
		{E524877C-B337-460E-9217-9043A8050E3E}.Lib MT|x64.ActiveCfg = Lib MT|Win32
		{E524877C-B337-460E-9217-9043A8050E3E}.Lib MTd|Win32.ActiveCfg = Lib MTd|Win32
		{E524877C-B337-460E-9217-9043A8050E3E}.Lib MTd|Win32.Build.0 = Lib MTd|Win32
		{E524877C-B337-460E-9217-9043A8050E3E}.Lib MTd|x64.ActiveCfg = Lib MTd|Win32
		{E524877C-B337-460E-9217-9043A8050E3E}.Lib MTo|Win32.ActiveCfg = Lib MTo|Win32
		{E524877C-B337-460E-9217-9043A8050E3E}.Lib MTo|Win32.Build.0 = Lib MTo|Win32
		{E524877C-B337-460E-9217-9043A8050E3E}.Lib MTo|x64.ActiveCfg = Lib MTo|Win32
		{E524877C-B337-460E-9217-9043A8050E3E}.Release|Win32.ActiveCfg = Lib MT|Win32
		{E524877C-B337-460E-9217-9043A8050E3E}.Release|Win32.Build.0 = Lib MT|Win32
		{E524877C-B337-460E-9217-9043A8050E3E}.Release|x64.ActiveCfg = Lib MDd|Win32
		{D160D434-BEB1-43C6-8A20-6F7AF04C424A}.Debug|Win32.ActiveCfg = Lib MDd|Win32
		{D160D434-BEB1-43C6-8A20-6F7AF04C424A}.Debug|Win32.Build.0 = Lib MDd|Win32
		{D160D434-BEB1-43C6-8A20-6F7AF04C424A}.Debug|x64.ActiveCfg = Lib MDd|Win32
		{D160D434-BEB1-43C6-8A20-6F7AF04C424A}.Lib MD|Win32.ActiveCfg = Lib MD|Win32
		{D160D434-BEB1-43C6-8A20-6F7AF04C424A}.Lib MD|Win32.Build.0 = Lib MD|Win32
		{D160D434-BEB1-43C6-8A20-6F7AF04C424A}.Lib MD|x64.ActiveCfg = Lib MD|Win32
		{D160D434-BEB1-43C6-8A20-6F7AF04C424A}.Lib MDd|Win32.ActiveCfg = Lib MDd|Win32
		{D160D434-BEB1-43C6-8A20-6F7AF04C424A}.Lib MDd|Win32.Build.0 = Lib MDd|Win32
		{D160D434-BEB1-43C6-8A20-6F7AF04C424A}.Lib MDd|x64.ActiveCfg = Lib MDd|Win32
		{D160D434-BEB1-43C6-8A20-6F7AF04C424A}.Lib MDo|Win32.ActiveCfg = Lib MDo|Win32
		{D160D434-BEB1-43C6-8A20-6F7AF04C424A}.Lib MDo|Win32.Build.0 = Lib MDo|Win32
		{D160D434-BEB1-43C6-8A20-6F7AF04C424A}.Lib MDo|x64.ActiveCfg = Lib MDo|Win32
		{D160D434-BEB1-43C6-8A20-6F7AF04C424A}.Lib MT|Win32.ActiveCfg = Lib MT|Win32
		{D160D434-BEB1-43C6-8A20-6F7AF04C424A}.Lib MT|Win32.Build.0 = Lib MT|Win32
		{D160D434-BEB1-43C6-8A20-6F7AF04C424A}.Lib MT|x64.ActiveCfg = Lib MT|Win32
		{D160D434-BEB1-43C6-8A20-6F7AF04C424A}.Lib MTd|Win32.ActiveCfg = Lib MTd|Win32
		{D160D434-BEB1-43C6-8A20-6F7AF04C424A}.Lib MTd|Win32.Build.0 = Lib MTd|Win32
		{D160D434-BEB1-43C6-8A20-6F7AF04C424A}.Lib MTd|x64.ActiveCfg = Lib MTd|Win32
		{D160D434-BEB1-43C6-8A20-6F7AF04C424A}.Lib MTo|Win32.ActiveCfg = Lib MTo|Win32
		{D160D434-BEB1-43C6-8A20-6F7AF04C424A}.Lib MTo|Win32.Build.0 = Lib MTo|Win32
		{D160D434-BEB1-43C6-8A20-6F7AF04C424A}.Lib MTo|x64.ActiveCfg = Lib MTo|Win32
		{D160D434-BEB1-43C6-8A20-6F7AF04C424A}.Release|Win32.ActiveCfg = Lib MT|Win32
		{D160D434-BEB1-43C6-8A20-6F7AF04C424A}.Release|Win32.Build.0 = Lib MT|Win32
		{D160D434-BEB1-43C6-8A20-6F7AF04C424A}.Release|x64.ActiveCfg = Lib MDd|Win32
		{5CA5DAE6-EBB9-42B4-A6E8-98D37FC3E8DD}.Debug|Win32.ActiveCfg = Lib MTd|Win32
		{5CA5DAE6-EBB9-42B4-A6E8-98D37FC3E8DD}.Debug|Win32.Build.0 = Lib MTd|Win32
		{5CA5DAE6-EBB9-42B4-A6E8-98D37FC3E8DD}.Debug|x64.ActiveCfg = Lib MTd|Win32
		{5CA5DAE6-EBB9-42B4-A6E8-98D37FC3E8DD}.Lib MD|Win32.ActiveCfg = Lib MD|Win32
		{5CA5DAE6-EBB9-42B4-A6E8-98D37FC3E8DD}.Lib MD|Win32.Build.0 = Lib MD|Win32
		{5CA5DAE6-EBB9-42B4-A6E8-98D37FC3E8DD}.Lib MD|x64.ActiveCfg = Lib MD|Win32
		{5CA5DAE6-EBB9-42B4-A6E8-98D37FC3E8DD}.Lib MDd|Win32.ActiveCfg = Lib MDd|Win32
		{5CA5DAE6-EBB9-42B4-A6E8-98D37FC3E8DD}.Lib MDd|Win32.Build.0 = Lib MDd|Win32
		{5CA5DAE6-EBB9-42B4-A6E8-98D37FC3E8DD}.Lib MDd|x64.ActiveCfg = Lib MDd|Win32
		{5CA5DAE6-EBB9-42B4-A6E8-98D37FC3E8DD}.Lib MDo|Win32.ActiveCfg = Lib MDo|Win32
		{5CA5DAE6-EBB9-42B4-A6E8-98D37FC3E8DD}.Lib MDo|Win32.Build.0 = Lib MDo|Win32
		{5CA5DAE6-EBB9-42B4-A6E8-98D37FC3E8DD}.Lib MDo|x64.ActiveCfg = Lib MDo|Win32
		{5CA5DAE6-EBB9-42B4-A6E8-98D37FC3E8DD}.Lib MT|Win32.ActiveCfg = Lib MT|Win32
		{5CA5DAE6-EBB9-42B4-A6E8-98D37FC3E8DD}.Lib MT|Win32.Build.0 = Lib MT|Win32
		{5CA5DAE6-EBB9-42B4-A6E8-98D37FC3E8DD}.Lib MT|x64.ActiveCfg = Lib MT|Win32
		{5CA5DAE6-EBB9-42B4-A6E8-98D37FC3E8DD}.Lib MTd|Win32.ActiveCfg = Lib MTd|Win32
		{5CA5DAE6-EBB9-42B4-A6E8-98D37FC3E8DD}.Lib MTd|Win32.Build.0 = Lib MTd|Win32
		{5CA5DAE6-EBB9-42B4-A6E8-98D37FC3E8DD}.Lib MTd|x64.ActiveCfg = Lib MTd|Win32
		{5CA5DAE6-EBB9-42B4-A6E8-98D37FC3E8DD}.Lib MTo|Win32.ActiveCfg = Lib MTo|Win32
		{5CA5DAE6-EBB9-42B4-A6E8-98D37FC3E8DD}.Lib MTo|Win32.Build.0 = Lib MTo|Win32
		{5CA5DAE6-EBB9-42B4-A6E8-98D37FC3E8DD}.Lib MTo|x64.ActiveCfg = Lib MTo|Win32
		{5CA5DAE6-EBB9-42B4-A6E8-98D37FC3E8DD}.Release|Win32.ActiveCfg = Lib MT|Win32
		{5CA5DAE6-EBB9-42B4-A6E8-98D37FC3E8DD}.Release|Win32.Build.0 = Lib MT|Win32
		{5CA5DAE6-EBB9-42B4-A6E8-98D37FC3E8DD}.Release|x64.ActiveCfg = Lib MTd|Win32
		{14E52235-FECA-1BAD-6757-8A6348CB1278}.Debug|Win32.ActiveCfg = Lib MTo|x64
		{14E52235-FECA-1BAD-6757-8A6348CB1278}.Debug|x64.ActiveCfg = Lib MTo|x64
		{14E52235-FECA-1BAD-6757-8A6348CB1278}.Debug|x64.Build.0 = Lib MTo|x64
		{14E52235-FECA-1BAD-6757-8A6348CB1278}.Lib MD|Win32.ActiveCfg = Lib MD|Win32
		{14E52235-FECA-1BAD-6757-8A6348CB1278}.Lib MD|Win32.Build.0 = Lib MD|Win32
		{14E52235-FECA-1BAD-6757-8A6348CB1278}.Lib MD|x64.ActiveCfg = Lib MD|x64
		{14E52235-FECA-1BAD-6757-8A6348CB1278}.Lib MD|x64.Build.0 = Lib MD|x64
		{14E52235-FECA-1BAD-6757-8A6348CB1278}.Lib MDd|Win32.ActiveCfg = Lib MDd|Win32
		{14E52235-FECA-1BAD-6757-8A6348CB1278}.Lib MDd|Win32.Build.0 = Lib MDd|Win32
		{14E52235-FECA-1BAD-6757-8A6348CB1278}.Lib MDd|x64.ActiveCfg = Lib MDd|x64
		{14E52235-FECA-1BAD-6757-8A6348CB1278}.Lib MDd|x64.Build.0 = Lib MDd|x64
		{14E52235-FECA-1BAD-6757-8A6348CB1278}.Lib MDo|Win32.ActiveCfg = Lib MDo|Win32
		{14E52235-FECA-1BAD-6757-8A6348CB1278}.Lib MDo|Win32.Build.0 = Lib MDo|Win32
		{14E52235-FECA-1BAD-6757-8A6348CB1278}.Lib MDo|x64.ActiveCfg = Lib MDo|x64
		{14E52235-FECA-1BAD-6757-8A6348CB1278}.Lib MDo|x64.Build.0 = Lib MDo|x64
		{14E52235-FECA-1BAD-6757-8A6348CB1278}.Lib MT|Win32.ActiveCfg = Lib MT|Win32
		{14E52235-FECA-1BAD-6757-8A6348CB1278}.Lib MT|Win32.Build.0 = Lib MT|Win32
		{14E52235-FECA-1BAD-6757-8A6348CB1278}.Lib MT|x64.ActiveCfg = Lib MT|x64
		{14E52235-FECA-1BAD-6757-8A6348CB1278}.Lib MT|x64.Build.0 = Lib MT|x64
		{14E52235-FECA-1BAD-6757-8A6348CB1278}.Lib MTd|Win32.ActiveCfg = Lib MTd|Win32
		{14E52235-FECA-1BAD-6757-8A6348CB1278}.Lib MTd|Win32.Build.0 = Lib MTd|Win32
		{14E52235-FECA-1BAD-6757-8A6348CB1278}.Lib MTd|x64.ActiveCfg = Lib MTd|x64
		{14E52235-FECA-1BAD-6757-8A6348CB1278}.Lib MTd|x64.Build.0 = Lib MTd|x64
		{14E52235-FECA-1BAD-6757-8A6348CB1278}.Lib MTo|Win32.ActiveCfg = Lib MTo|Win32
		{14E52235-FECA-1BAD-6757-8A6348CB1278}.Lib MTo|Win32.Build.0 = Lib MTo|Win32
		{14E52235-FECA-1BAD-6757-8A6348CB1278}.Lib MTo|x64.ActiveCfg = Lib MTo|x64
		{14E52235-FECA-1BAD-6757-8A6348CB1278}.Lib MTo|x64.Build.0 = Lib MTo|x64
		{14E52235-FECA-1BAD-6757-8A6348CB1278}.Release|Win32.ActiveCfg = Lib MT|x64
		{14E52235-FECA-1BAD-6757-8A6348CB1278}.Release|x64.ActiveCfg = Lib MTo|x64
		{14E52235-FECA-1BAD-6757-8A6348CB1278}.Release|x64.Build.0 = Lib MTo|x64
		{E538F866-FFF4-4CA3-B003-275DD38C8EC2}.Debug|Win32.ActiveCfg = Lib MDo|Win32
		{E538F866-FFF4-4CA3-B003-275DD38C8EC2}.Debug|Win32.Build.0 = Lib MDo|Win32
		{E538F866-FFF4-4CA3-B003-275DD38C8EC2}.Debug|x64.ActiveCfg = Lib MDo|Win32
		{E538F866-FFF4-4CA3-B003-275DD38C8EC2}.Lib MD|Win32.ActiveCfg = Lib MD|Win32
		{E538F866-FFF4-4CA3-B003-275DD38C8EC2}.Lib MD|Win32.Build.0 = Lib MD|Win32
		{E538F866-FFF4-4CA3-B003-275DD38C8EC2}.Lib MD|x64.ActiveCfg = Lib MD|Win32
		{E538F866-FFF4-4CA3-B003-275DD38C8EC2}.Lib MDd|Win32.ActiveCfg = Lib MDd|Win32
		{E538F866-FFF4-4CA3-B003-275DD38C8EC2}.Lib MDd|Win32.Build.0 = Lib MDd|Win32
		{E538F866-FFF4-4CA3-B003-275DD38C8EC2}.Lib MDd|x64.ActiveCfg = Lib MDd|Win32
		{E538F866-FFF4-4CA3-B003-275DD38C8EC2}.Lib MDo|Win32.ActiveCfg = Lib MDo|Win32
		{E538F866-FFF4-4CA3-B003-275DD38C8EC2}.Lib MDo|Win32.Build.0 = Lib MDo|Win32
		{E538F866-FFF4-4CA3-B003-275DD38C8EC2}.Lib MDo|x64.ActiveCfg = Lib MDo|Win32
		{E538F866-FFF4-4CA3-B003-275DD38C8EC2}.Lib MT|Win32.ActiveCfg = Lib MT|Win32
		{E538F866-FFF4-4CA3-B003-275DD38C8EC2}.Lib MT|Win32.Build.0 = Lib MT|Win32
		{E538F866-FFF4-4CA3-B003-275DD38C8EC2}.Lib MT|x64.ActiveCfg = Lib MT|Win32
		{E538F866-FFF4-4CA3-B003-275DD38C8EC2}.Lib MTd|Win32.ActiveCfg = Lib MTd|Win32
		{E538F866-FFF4-4CA3-B003-275DD38C8EC2}.Lib MTd|Win32.Build.0 = Lib MTd|Win32
		{E538F866-FFF4-4CA3-B003-275DD38C8EC2}.Lib MTd|x64.ActiveCfg = Lib MTd|Win32
		{E538F866-FFF4-4CA3-B003-275DD38C8EC2}.Lib MTo|Win32.ActiveCfg = Lib MTo|Win32
		{E538F866-FFF4-4CA3-B003-275DD38C8EC2}.Lib MTo|Win32.Build.0 = Lib MTo|Win32
		{E538F866-FFF4-4CA3-B003-275DD38C8EC2}.Lib MTo|x64.ActiveCfg = Lib MTo|Win32
		{E538F866-FFF4-4CA3-B003-275DD38C8EC2}.Release|Win32.ActiveCfg = Lib MT|Win32
		{E538F866-FFF4-4CA3-B003-275DD38C8EC2}.Release|Win32.Build.0 = Lib MT|Win32
		{E538F866-FFF4-4CA3-B003-275DD38C8EC2}.Release|x64.ActiveCfg = Lib MDo|Win32
		{2B48E850-C6AE-4408-8C84-C4EBBE5B8162}.Debug|Win32.ActiveCfg = Lib MDo|Win32
		{2B48E850-C6AE-4408-8C84-C4EBBE5B8162}.Debug|Win32.Build.0 = Lib MDo|Win32
		{2B48E850-C6AE-4408-8C84-C4EBBE5B8162}.Debug|x64.ActiveCfg = Lib MDo|Win32
		{2B48E850-C6AE-4408-8C84-C4EBBE5B8162}.Lib MD|Win32.ActiveCfg = Lib MD|Win32
		{2B48E850-C6AE-4408-8C84-C4EBBE5B8162}.Lib MD|Win32.Build.0 = Lib MD|Win32
		{2B48E850-C6AE-4408-8C84-C4EBBE5B8162}.Lib MD|x64.ActiveCfg = Lib MD|Win32
		{2B48E850-C6AE-4408-8C84-C4EBBE5B8162}.Lib MDd|Win32.ActiveCfg = Lib MDd|Win32
		{2B48E850-C6AE-4408-8C84-C4EBBE5B8162}.Lib MDd|Win32.Build.0 = Lib MDd|Win32
		{2B48E850-C6AE-4408-8C84-C4EBBE5B8162}.Lib MDd|x64.ActiveCfg = Lib MDd|Win32
		{2B48E850-C6AE-4408-8C84-C4EBBE5B8162}.Lib MDo|Win32.ActiveCfg = Lib MDo|Win32
		{2B48E850-C6AE-4408-8C84-C4EBBE5B8162}.Lib MDo|Win32.Build.0 = Lib MDo|Win32
		{2B48E850-C6AE-4408-8C84-C4EBBE5B8162}.Lib MDo|x64.ActiveCfg = Lib MDo|Win32
		{2B48E850-C6AE-4408-8C84-C4EBBE5B8162}.Lib MT|Win32.ActiveCfg = Lib MT|Win32
		{2B48E850-C6AE-4408-8C84-C4EBBE5B8162}.Lib MT|Win32.Build.0 = Lib MT|Win32
		{2B48E850-C6AE-4408-8C84-C4EBBE5B8162}.Lib MT|x64.ActiveCfg = Lib MT|Win32
		{2B48E850-C6AE-4408-8C84-C4EBBE5B8162}.Lib MTd|Win32.ActiveCfg = Lib MTd|Win32
		{2B48E850-C6AE-4408-8C84-C4EBBE5B8162}.Lib MTd|Win32.Build.0 = Lib MTd|Win32
		{2B48E850-C6AE-4408-8C84-C4EBBE5B8162}.Lib MTd|x64.ActiveCfg = Lib MTd|Win32
		{2B48E850-C6AE-4408-8C84-C4EBBE5B8162}.Lib MTo|Win32.ActiveCfg = Lib MTo|Win32
		{2B48E850-C6AE-4408-8C84-C4EBBE5B8162}.Lib MTo|Win32.Build.0 = Lib MTo|Win32
		{2B48E850-C6AE-4408-8C84-C4EBBE5B8162}.Lib MTo|x64.ActiveCfg = Lib MTo|Win32
		{2B48E850-C6AE-4408-8C84-C4EBBE5B8162}.Release|Win32.ActiveCfg = Lib MT|Win32
		{2B48E850-C6AE-4408-8C84-C4EBBE5B8162}.Release|Win32.Build.0 = Lib MT|Win32
		{2B48E850-C6AE-4408-8C84-C4EBBE5B8162}.Release|x64.ActiveCfg = Lib MDo|Win32
		{C1344E6D-6CF5-44DF-8244-3A05EB218165}.Debug|Win32.ActiveCfg = Lib MDo|Win32
		{C1344E6D-6CF5-44DF-8244-3A05EB218165}.Debug|Win32.Build.0 = Lib MDo|Win32
		{C1344E6D-6CF5-44DF-8244-3A05EB218165}.Debug|x64.ActiveCfg = Lib MDo|Win32
		{C1344E6D-6CF5-44DF-8244-3A05EB218165}.Lib MD|Win32.ActiveCfg = Lib MD|Win32
		{C1344E6D-6CF5-44DF-8244-3A05EB218165}.Lib MD|Win32.Build.0 = Lib MD|Win32
		{C1344E6D-6CF5-44DF-8244-3A05EB218165}.Lib MD|x64.ActiveCfg = Lib MD|Win32
		{C1344E6D-6CF5-44DF-8244-3A05EB218165}.Lib MDd|Win32.ActiveCfg = Lib MDd|Win32
		{C1344E6D-6CF5-44DF-8244-3A05EB218165}.Lib MDd|Win32.Build.0 = Lib MDd|Win32
		{C1344E6D-6CF5-44DF-8244-3A05EB218165}.Lib MDd|x64.ActiveCfg = Lib MDd|Win32
		{C1344E6D-6CF5-44DF-8244-3A05EB218165}.Lib MDo|Win32.ActiveCfg = Lib MDo|Win32
		{C1344E6D-6CF5-44DF-8244-3A05EB218165}.Lib MDo|Win32.Build.0 = Lib MDo|Win32
		{C1344E6D-6CF5-44DF-8244-3A05EB218165}.Lib MDo|x64.ActiveCfg = Lib MDo|Win32
		{C1344E6D-6CF5-44DF-8244-3A05EB218165}.Lib MT|Win32.ActiveCfg = Lib MT|Win32
		{C1344E6D-6CF5-44DF-8244-3A05EB218165}.Lib MT|Win32.Build.0 = Lib MT|Win32
		{C1344E6D-6CF5-44DF-8244-3A05EB218165}.Lib MT|x64.ActiveCfg = Lib MT|Win32
		{C1344E6D-6CF5-44DF-8244-3A05EB218165}.Lib MTd|Win32.ActiveCfg = Lib MTd|Win32
		{C1344E6D-6CF5-44DF-8244-3A05EB218165}.Lib MTd|Win32.Build.0 = Lib MTd|Win32
		{C1344E6D-6CF5-44DF-8244-3A05EB218165}.Lib MTd|x64.ActiveCfg = Lib MTd|Win32
		{C1344E6D-6CF5-44DF-8244-3A05EB218165}.Lib MTo|Win32.ActiveCfg = Lib MTo|Win32
		{C1344E6D-6CF5-44DF-8244-3A05EB218165}.Lib MTo|Win32.Build.0 = Lib MTo|Win32
		{C1344E6D-6CF5-44DF-8244-3A05EB218165}.Lib MTo|x64.ActiveCfg = Lib MTo|Win32
		{C1344E6D-6CF5-44DF-8244-3A05EB218165}.Release|Win32.ActiveCfg = Lib MT|Win32
		{C1344E6D-6CF5-44DF-8244-3A05EB218165}.Release|Win32.Build.0 = Lib MT|Win32
		{C1344E6D-6CF5-44DF-8244-3A05EB218165}.Release|x64.ActiveCfg = Lib MDo|Win32
	EndGlobalSection
	GlobalSection(SolutionProperties) = preSolution
		HideSolutionNode = FALSE
	EndGlobalSection
	GlobalSection(DPCodeReviewSolutionGUID) = preSolution
		DPCodeReviewSolutionGUID = {00000000-0000-0000-0000-000000000000}
	EndGlobalSection
EndGlobal
