
Microsoft Visual Studio Solution File, Format Version 9.00
# Visual Studio 2005
Project("{8BC9CEB8-8B4A-11D0-8D11-00A0C91BC942}") = "WorldChecker", "WorldChecker.vcproj", "{5F26F436-1769-4E22-9074-AA663DB1A6DF}"
EndProject
Global
	GlobalSection(SolutionConfigurationPlatforms) = preSolution
		Debug DLL|Win32 = Debug DLL|Win32
		Debug|Win32 = Debug|Win32
		ExternalRelease|Win32 = ExternalRelease|Win32
		Release DLL|Win32 = Release DLL|Win32
		Release|Win32 = Release|Win32
		Shipping DLL|Win32 = Shipping DLL|Win32
		Shipping|Win32 = Shipping|Win32
	EndGlobalSection
	GlobalSection(ProjectConfigurationPlatforms) = postSolution
		{5F26F436-1769-4E22-9074-AA663DB1A6DF}.Debug DLL|Win32.ActiveCfg = Debug|Win32
		{5F26F436-1769-4E22-9074-AA663DB1A6DF}.Debug DLL|Win32.Build.0 = Debug|Win32
		{5F26F436-1769-4E22-9074-AA663DB1A6DF}.Debug|Win32.ActiveCfg = Debug|Win32
		{5F26F436-1769-4E22-9074-AA663DB1A6DF}.Debug|Win32.Build.0 = Debug|Win32
		{5F26F436-1769-4E22-9074-AA663DB1A6DF}.ExternalRelease|Win32.ActiveCfg = Release|Win32
		{5F26F436-1769-4E22-9074-AA663DB1A6DF}.ExternalRelease|Win32.Build.0 = Release|Win32
		{5F26F436-1769-4E22-9074-AA663DB1A6DF}.Release DLL|Win32.ActiveCfg = Release|Win32
		{5F26F436-1769-4E22-9074-AA663DB1A6DF}.Release DLL|Win32.Build.0 = Release|Win32
		{5F26F436-1769-4E22-9074-AA663DB1A6DF}.Release|Win32.ActiveCfg = Release|Win32
		{5F26F436-1769-4E22-9074-AA663DB1A6DF}.Release|Win32.Build.0 = Release|Win32
		{5F26F436-1769-4E22-9074-AA663DB1A6DF}.Shipping DLL|Win32.ActiveCfg = Release|Win32
		{5F26F436-1769-4E22-9074-AA663DB1A6DF}.Shipping DLL|Win32.Build.0 = Release|Win32
		{5F26F436-1769-4E22-9074-AA663DB1A6DF}.Shipping|Win32.ActiveCfg = Release|Win32
		{5F26F436-1769-4E22-9074-AA663DB1A6DF}.Shipping|Win32.Build.0 = Release|Win32
	EndGlobalSection
	GlobalSection(SolutionProperties) = preSolution
		HideSolutionNode = FALSE
	EndGlobalSection
EndGlobal
