
Microsoft Visual Studio Solution File, Format Version 9.00
# Visual Studio 2005
Project("{8BC9CEB8-8B4A-11D0-8D11-00A0C91BC942}") = "QuestX2L", "QuestX2L\QuestX2L.vcproj", "{0041B863-9CC0-4913-9972-084AC6298B4F}"
	ProjectSection(ProjectDependencies) = postProject
		{77F61351-AD25-4FAF-9B3D-E9DF557011D7} = {77F61351-AD25-4FAF-9B3D-E9DF557011D7}
		{B70E3B9F-702A-4081-B800-0561AE064326} = {B70E3B9F-702A-4081-B800-0561AE064326}
	EndProjectSection
EndProject
Project("{2150E333-8FDC-42A3-9474-1A3956D46DE8}") = "Weapons", "Weapons", "{1839E0ED-7FAD-4B6B-9D42-EA1B8EC0DADC}"
EndProject
Project("{8BC9CEB8-8B4A-11D0-8D11-00A0C91BC942}") = "Lohengrin", "..\..\Archangel\Weapons\Lohengrin\Lohengrin.vcproj", "{77F61351-AD25-4FAF-9B3D-E9DF557011D7}"
EndProject
Project("{8BC9CEB8-8B4A-11D0-8D11-00A0C91BC942}") = "Variant", "..\..\Archangel\Weapons\Variant\Variant.vcproj", "{B70E3B9F-702A-4081-B800-0561AE064326}"
	ProjectSection(ProjectDependencies) = postProject
		{77F61351-AD25-4FAF-9B3D-E9DF557011D7} = {77F61351-AD25-4FAF-9B3D-E9DF557011D7}
	EndProjectSection
EndProject
Global
	GlobalSection(SolutionConfigurationPlatforms) = preSolution
		Debug|Win32 = Debug|Win32
		ExternalRelease|Win32 = ExternalRelease|Win32
		Release|Win32 = Release|Win32
	EndGlobalSection
	GlobalSection(ProjectConfigurationPlatforms) = postSolution
		{0041B863-9CC0-4913-9972-084AC6298B4F}.Debug|Win32.ActiveCfg = Debug|Win32
		{0041B863-9CC0-4913-9972-084AC6298B4F}.Debug|Win32.Build.0 = Debug|Win32
		{0041B863-9CC0-4913-9972-084AC6298B4F}.ExternalRelease|Win32.ActiveCfg = Release|Win32
		{0041B863-9CC0-4913-9972-084AC6298B4F}.ExternalRelease|Win32.Build.0 = Release|Win32
		{0041B863-9CC0-4913-9972-084AC6298B4F}.Release|Win32.ActiveCfg = Release|Win32
		{0041B863-9CC0-4913-9972-084AC6298B4F}.Release|Win32.Build.0 = Release|Win32
		{77F61351-AD25-4FAF-9B3D-E9DF557011D7}.Debug|Win32.ActiveCfg = Debug|Win32
		{77F61351-AD25-4FAF-9B3D-E9DF557011D7}.Debug|Win32.Build.0 = Debug|Win32
		{77F61351-AD25-4FAF-9B3D-E9DF557011D7}.ExternalRelease|Win32.ActiveCfg = ExternalRelease|Win32
		{77F61351-AD25-4FAF-9B3D-E9DF557011D7}.ExternalRelease|Win32.Build.0 = ExternalRelease|Win32
		{77F61351-AD25-4FAF-9B3D-E9DF557011D7}.Release|Win32.ActiveCfg = Release|Win32
		{77F61351-AD25-4FAF-9B3D-E9DF557011D7}.Release|Win32.Build.0 = Release|Win32
		{B70E3B9F-702A-4081-B800-0561AE064326}.Debug|Win32.ActiveCfg = Debug|Win32
		{B70E3B9F-702A-4081-B800-0561AE064326}.Debug|Win32.Build.0 = Debug|Win32
		{B70E3B9F-702A-4081-B800-0561AE064326}.ExternalRelease|Win32.ActiveCfg = ExternalRelease|Win32
		{B70E3B9F-702A-4081-B800-0561AE064326}.ExternalRelease|Win32.Build.0 = ExternalRelease|Win32
		{B70E3B9F-702A-4081-B800-0561AE064326}.Release|Win32.ActiveCfg = Release|Win32
		{B70E3B9F-702A-4081-B800-0561AE064326}.Release|Win32.Build.0 = Release|Win32
	EndGlobalSection
	GlobalSection(SolutionProperties) = preSolution
		HideSolutionNode = FALSE
	EndGlobalSection
	GlobalSection(NestedProjects) = preSolution
		{77F61351-AD25-4FAF-9B3D-E9DF557011D7} = {1839E0ED-7FAD-4B6B-9D42-EA1B8EC0DADC}
		{B70E3B9F-702A-4081-B800-0561AE064326} = {1839E0ED-7FAD-4B6B-9D42-EA1B8EC0DADC}
	EndGlobalSection
EndGlobal
