Microsoft Visual Studio Solution File, Format Version 9.00
# Visual Studio 2005
Project("{FAE04EC0-301F-11D3-BF4B-00C04F79EFBC}") = "AnimationTool_VC80", "AnimationToolUI\AnimationTool_VC80.csproj", "{56EDF427-4FE0-414F-A83E-F73D462F64BA}"
	ProjectSection(ProjectDependencies) = postProject
		{3995E4EC-E2D3-4500-9FA0-5B94EBE8C943} = {3995E4EC-E2D3-4500-9FA0-5B94EBE8C943}
		{9A20C33C-9D58-492B-B155-75409190E166} = {9A20C33C-9D58-492B-B155-75409190E166}
	EndProjectSection
EndProject
Project("{FAE04EC0-301F-11D3-BF4B-00C04F79EFBC}") = "SourceGrid2_VC80", "SourceGrid2\SourceGrid\SourceGrid2_VC80.csproj", "{9A20C33C-9D58-492B-B155-75409190E166}"
EndProject
Project("{FAE04EC0-301F-11D3-BF4B-00C04F79EFBC}") = "SegmentedTrackBar_VC80", "SegmentedTrackBar\SegmentedTrackBar_VC80.csproj", "{3995E4EC-E2D3-4500-9FA0-5B94EBE8C943}"
EndProject
Project("{8BC9CEB8-8B4A-11D0-8D11-00A0C91BC942}") = "NiManagedToolInterface", "NiManagedToolInterface\Win32\VC80\NiManagedToolInterface.vcproj", "{34E9B537-EDA9-4DB8-BDE0-116BE83F3C1D}"
EndProject
Global
	GlobalSection(SolutionConfigurationPlatforms) = preSolution
		Debug DLL|Any CPU = Debug DLL|Any CPU
		Debug DLL|Mixed Platforms = Debug DLL|Mixed Platforms
		Debug DLL|Win32 = Debug DLL|Win32
		Debug|Any CPU = Debug|Any CPU
		Debug|Mixed Platforms = Debug|Mixed Platforms
		Debug|Win32 = Debug|Win32
		External Relase DLL|Any CPU = External Relase DLL|Any CPU
		External Relase DLL|Mixed Platforms = External Relase DLL|Mixed Platforms
		External Relase DLL|Win32 = External Relase DLL|Win32
		Release DLL|Any CPU = Release DLL|Any CPU
		Release DLL|Mixed Platforms = Release DLL|Mixed Platforms
		Release DLL|Win32 = Release DLL|Win32
		Release|Any CPU = Release|Any CPU
		Release|Mixed Platforms = Release|Mixed Platforms
		Release|Win32 = Release|Win32
		ReleaseMT|Any CPU = ReleaseMT|Any CPU
		ReleaseMT|Mixed Platforms = ReleaseMT|Mixed Platforms
		ReleaseMT|Win32 = ReleaseMT|Win32
		Shipping DLL|Any CPU = Shipping DLL|Any CPU
		Shipping DLL|Mixed Platforms = Shipping DLL|Mixed Platforms
		Shipping DLL|Win32 = Shipping DLL|Win32
		Shipping|Any CPU = Shipping|Any CPU
		Shipping|Mixed Platforms = Shipping|Mixed Platforms
		Shipping|Win32 = Shipping|Win32
	EndGlobalSection
	GlobalSection(ProjectConfigurationPlatforms) = postSolution
		{56EDF427-4FE0-414F-A83E-F73D462F64BA}.Debug DLL|Any CPU.ActiveCfg = Debug DLL|Any CPU
		{56EDF427-4FE0-414F-A83E-F73D462F64BA}.Debug DLL|Any CPU.Build.0 = Debug DLL|Any CPU
		{56EDF427-4FE0-414F-A83E-F73D462F64BA}.Debug DLL|Mixed Platforms.ActiveCfg = Debug DLL|Any CPU
		{56EDF427-4FE0-414F-A83E-F73D462F64BA}.Debug DLL|Mixed Platforms.Build.0 = Debug DLL|Any CPU
		{56EDF427-4FE0-414F-A83E-F73D462F64BA}.Debug DLL|Win32.ActiveCfg = Debug DLL|Any CPU
		{56EDF427-4FE0-414F-A83E-F73D462F64BA}.Debug|Any CPU.ActiveCfg = Debug DLL|Any CPU
		{56EDF427-4FE0-414F-A83E-F73D462F64BA}.Debug|Any CPU.Build.0 = Debug DLL|Any CPU
		{56EDF427-4FE0-414F-A83E-F73D462F64BA}.Debug|Mixed Platforms.ActiveCfg = Debug DLL|Any CPU
		{56EDF427-4FE0-414F-A83E-F73D462F64BA}.Debug|Mixed Platforms.Build.0 = Debug DLL|Any CPU
		{56EDF427-4FE0-414F-A83E-F73D462F64BA}.Debug|Win32.ActiveCfg = Debug DLL|Any CPU
		{56EDF427-4FE0-414F-A83E-F73D462F64BA}.External Relase DLL|Any CPU.ActiveCfg = External Relase DLL|Any CPU
		{56EDF427-4FE0-414F-A83E-F73D462F64BA}.External Relase DLL|Any CPU.Build.0 = External Relase DLL|Any CPU
		{56EDF427-4FE0-414F-A83E-F73D462F64BA}.External Relase DLL|Mixed Platforms.ActiveCfg = External Relase DLL|Any CPU
		{56EDF427-4FE0-414F-A83E-F73D462F64BA}.External Relase DLL|Mixed Platforms.Build.0 = External Relase DLL|Any CPU
		{56EDF427-4FE0-414F-A83E-F73D462F64BA}.External Relase DLL|Win32.ActiveCfg = External Relase DLL|Any CPU
		{56EDF427-4FE0-414F-A83E-F73D462F64BA}.Release DLL|Any CPU.ActiveCfg = Release DLL|Any CPU
		{56EDF427-4FE0-414F-A83E-F73D462F64BA}.Release DLL|Any CPU.Build.0 = Release DLL|Any CPU
		{56EDF427-4FE0-414F-A83E-F73D462F64BA}.Release DLL|Mixed Platforms.ActiveCfg = Release DLL|Any CPU
		{56EDF427-4FE0-414F-A83E-F73D462F64BA}.Release DLL|Mixed Platforms.Build.0 = Release DLL|Any CPU
		{56EDF427-4FE0-414F-A83E-F73D462F64BA}.Release DLL|Win32.ActiveCfg = Release DLL|Any CPU
		{56EDF427-4FE0-414F-A83E-F73D462F64BA}.Release|Any CPU.ActiveCfg = Release DLL|Any CPU
		{56EDF427-4FE0-414F-A83E-F73D462F64BA}.Release|Any CPU.Build.0 = Release DLL|Any CPU
		{56EDF427-4FE0-414F-A83E-F73D462F64BA}.Release|Mixed Platforms.ActiveCfg = Release DLL|Any CPU
		{56EDF427-4FE0-414F-A83E-F73D462F64BA}.Release|Mixed Platforms.Build.0 = Release DLL|Any CPU
		{56EDF427-4FE0-414F-A83E-F73D462F64BA}.Release|Win32.ActiveCfg = Release DLL|Any CPU
		{56EDF427-4FE0-414F-A83E-F73D462F64BA}.ReleaseMT|Any CPU.ActiveCfg = Release DLL|Any CPU
		{56EDF427-4FE0-414F-A83E-F73D462F64BA}.ReleaseMT|Any CPU.Build.0 = Release DLL|Any CPU
		{56EDF427-4FE0-414F-A83E-F73D462F64BA}.ReleaseMT|Mixed Platforms.ActiveCfg = Release DLL|Any CPU
		{56EDF427-4FE0-414F-A83E-F73D462F64BA}.ReleaseMT|Mixed Platforms.Build.0 = Release DLL|Any CPU
		{56EDF427-4FE0-414F-A83E-F73D462F64BA}.ReleaseMT|Win32.ActiveCfg = Release DLL|Any CPU
		{56EDF427-4FE0-414F-A83E-F73D462F64BA}.Shipping DLL|Any CPU.ActiveCfg = External Relase DLL|Any CPU
		{56EDF427-4FE0-414F-A83E-F73D462F64BA}.Shipping DLL|Any CPU.Build.0 = External Relase DLL|Any CPU
		{56EDF427-4FE0-414F-A83E-F73D462F64BA}.Shipping DLL|Mixed Platforms.ActiveCfg = External Relase DLL|Any CPU
		{56EDF427-4FE0-414F-A83E-F73D462F64BA}.Shipping DLL|Mixed Platforms.Build.0 = External Relase DLL|Any CPU
		{56EDF427-4FE0-414F-A83E-F73D462F64BA}.Shipping DLL|Win32.ActiveCfg = External Relase DLL|Any CPU
		{56EDF427-4FE0-414F-A83E-F73D462F64BA}.Shipping|Any CPU.ActiveCfg = External Relase DLL|Any CPU
		{56EDF427-4FE0-414F-A83E-F73D462F64BA}.Shipping|Any CPU.Build.0 = External Relase DLL|Any CPU
		{56EDF427-4FE0-414F-A83E-F73D462F64BA}.Shipping|Mixed Platforms.ActiveCfg = External Relase DLL|Any CPU
		{56EDF427-4FE0-414F-A83E-F73D462F64BA}.Shipping|Mixed Platforms.Build.0 = External Relase DLL|Any CPU
		{56EDF427-4FE0-414F-A83E-F73D462F64BA}.Shipping|Win32.ActiveCfg = External Relase DLL|Any CPU
		{9A20C33C-9D58-492B-B155-75409190E166}.Debug DLL|Any CPU.ActiveCfg = Debug|Any CPU
		{9A20C33C-9D58-492B-B155-75409190E166}.Debug DLL|Any CPU.Build.0 = Debug|Any CPU
		{9A20C33C-9D58-492B-B155-75409190E166}.Debug DLL|Mixed Platforms.ActiveCfg = Debug|Any CPU
		{9A20C33C-9D58-492B-B155-75409190E166}.Debug DLL|Mixed Platforms.Build.0 = Debug|Any CPU
		{9A20C33C-9D58-492B-B155-75409190E166}.Debug DLL|Win32.ActiveCfg = Debug|Any CPU
		{9A20C33C-9D58-492B-B155-75409190E166}.Debug|Any CPU.ActiveCfg = Debug|Any CPU
		{9A20C33C-9D58-492B-B155-75409190E166}.Debug|Any CPU.Build.0 = Debug|Any CPU
		{9A20C33C-9D58-492B-B155-75409190E166}.Debug|Mixed Platforms.ActiveCfg = Debug|Any CPU
		{9A20C33C-9D58-492B-B155-75409190E166}.Debug|Mixed Platforms.Build.0 = Debug|Any CPU
		{9A20C33C-9D58-492B-B155-75409190E166}.Debug|Win32.ActiveCfg = Debug|Any CPU
		{9A20C33C-9D58-492B-B155-75409190E166}.External Relase DLL|Any CPU.ActiveCfg = External Relase|Any CPU
		{9A20C33C-9D58-492B-B155-75409190E166}.External Relase DLL|Any CPU.Build.0 = External Relase|Any CPU
		{9A20C33C-9D58-492B-B155-75409190E166}.External Relase DLL|Mixed Platforms.ActiveCfg = External Relase|Any CPU
		{9A20C33C-9D58-492B-B155-75409190E166}.External Relase DLL|Mixed Platforms.Build.0 = External Relase|Any CPU
		{9A20C33C-9D58-492B-B155-75409190E166}.External Relase DLL|Win32.ActiveCfg = External Relase|Any CPU
		{9A20C33C-9D58-492B-B155-75409190E166}.Release DLL|Any CPU.ActiveCfg = Release|Any CPU
		{9A20C33C-9D58-492B-B155-75409190E166}.Release DLL|Any CPU.Build.0 = Release|Any CPU
		{9A20C33C-9D58-492B-B155-75409190E166}.Release DLL|Mixed Platforms.ActiveCfg = Release|Any CPU
		{9A20C33C-9D58-492B-B155-75409190E166}.Release DLL|Mixed Platforms.Build.0 = Release|Any CPU
		{9A20C33C-9D58-492B-B155-75409190E166}.Release DLL|Win32.ActiveCfg = Release|Any CPU
		{9A20C33C-9D58-492B-B155-75409190E166}.Release|Any CPU.ActiveCfg = Release|Any CPU
		{9A20C33C-9D58-492B-B155-75409190E166}.Release|Any CPU.Build.0 = Release|Any CPU
		{9A20C33C-9D58-492B-B155-75409190E166}.Release|Mixed Platforms.ActiveCfg = Release|Any CPU
		{9A20C33C-9D58-492B-B155-75409190E166}.Release|Mixed Platforms.Build.0 = Release|Any CPU
		{9A20C33C-9D58-492B-B155-75409190E166}.Release|Win32.ActiveCfg = Release|Any CPU
		{9A20C33C-9D58-492B-B155-75409190E166}.ReleaseMT|Any CPU.ActiveCfg = Release|Any CPU
		{9A20C33C-9D58-492B-B155-75409190E166}.ReleaseMT|Any CPU.Build.0 = Release|Any CPU
		{9A20C33C-9D58-492B-B155-75409190E166}.ReleaseMT|Mixed Platforms.ActiveCfg = Release|Any CPU
		{9A20C33C-9D58-492B-B155-75409190E166}.ReleaseMT|Mixed Platforms.Build.0 = Release|Any CPU
		{9A20C33C-9D58-492B-B155-75409190E166}.ReleaseMT|Win32.ActiveCfg = Release|Any CPU
		{9A20C33C-9D58-492B-B155-75409190E166}.Shipping DLL|Any CPU.ActiveCfg = External Relase|Any CPU
		{9A20C33C-9D58-492B-B155-75409190E166}.Shipping DLL|Any CPU.Build.0 = External Relase|Any CPU
		{9A20C33C-9D58-492B-B155-75409190E166}.Shipping DLL|Mixed Platforms.ActiveCfg = External Relase|Any CPU
		{9A20C33C-9D58-492B-B155-75409190E166}.Shipping DLL|Mixed Platforms.Build.0 = External Relase|Any CPU
		{9A20C33C-9D58-492B-B155-75409190E166}.Shipping DLL|Win32.ActiveCfg = External Relase|Any CPU
		{9A20C33C-9D58-492B-B155-75409190E166}.Shipping|Any CPU.ActiveCfg = External Relase|Any CPU
		{9A20C33C-9D58-492B-B155-75409190E166}.Shipping|Any CPU.Build.0 = External Relase|Any CPU
		{9A20C33C-9D58-492B-B155-75409190E166}.Shipping|Mixed Platforms.ActiveCfg = External Relase|Any CPU
		{9A20C33C-9D58-492B-B155-75409190E166}.Shipping|Mixed Platforms.Build.0 = External Relase|Any CPU
		{9A20C33C-9D58-492B-B155-75409190E166}.Shipping|Win32.ActiveCfg = External Relase|Any CPU
		{3995E4EC-E2D3-4500-9FA0-5B94EBE8C943}.Debug DLL|Any CPU.ActiveCfg = Debug|Any CPU
		{3995E4EC-E2D3-4500-9FA0-5B94EBE8C943}.Debug DLL|Any CPU.Build.0 = Debug|Any CPU
		{3995E4EC-E2D3-4500-9FA0-5B94EBE8C943}.Debug DLL|Mixed Platforms.ActiveCfg = Debug|Any CPU
		{3995E4EC-E2D3-4500-9FA0-5B94EBE8C943}.Debug DLL|Mixed Platforms.Build.0 = Debug|Any CPU
		{3995E4EC-E2D3-4500-9FA0-5B94EBE8C943}.Debug DLL|Win32.ActiveCfg = Debug|Any CPU
		{3995E4EC-E2D3-4500-9FA0-5B94EBE8C943}.Debug|Any CPU.ActiveCfg = Debug|Any CPU
		{3995E4EC-E2D3-4500-9FA0-5B94EBE8C943}.Debug|Any CPU.Build.0 = Debug|Any CPU
		{3995E4EC-E2D3-4500-9FA0-5B94EBE8C943}.Debug|Mixed Platforms.ActiveCfg = Debug|Any CPU
		{3995E4EC-E2D3-4500-9FA0-5B94EBE8C943}.Debug|Mixed Platforms.Build.0 = Debug|Any CPU
		{3995E4EC-E2D3-4500-9FA0-5B94EBE8C943}.Debug|Win32.ActiveCfg = Debug|Any CPU
		{3995E4EC-E2D3-4500-9FA0-5B94EBE8C943}.External Relase DLL|Any CPU.ActiveCfg = External Relase|Any CPU
		{3995E4EC-E2D3-4500-9FA0-5B94EBE8C943}.External Relase DLL|Any CPU.Build.0 = External Relase|Any CPU
		{3995E4EC-E2D3-4500-9FA0-5B94EBE8C943}.External Relase DLL|Mixed Platforms.ActiveCfg = External Relase|Any CPU
		{3995E4EC-E2D3-4500-9FA0-5B94EBE8C943}.External Relase DLL|Mixed Platforms.Build.0 = External Relase|Any CPU
		{3995E4EC-E2D3-4500-9FA0-5B94EBE8C943}.External Relase DLL|Win32.ActiveCfg = External Relase|Any CPU
		{3995E4EC-E2D3-4500-9FA0-5B94EBE8C943}.Release DLL|Any CPU.ActiveCfg = Release|Any CPU
		{3995E4EC-E2D3-4500-9FA0-5B94EBE8C943}.Release DLL|Any CPU.Build.0 = Release|Any CPU
		{3995E4EC-E2D3-4500-9FA0-5B94EBE8C943}.Release DLL|Mixed Platforms.ActiveCfg = Release|Any CPU
		{3995E4EC-E2D3-4500-9FA0-5B94EBE8C943}.Release DLL|Mixed Platforms.Build.0 = Release|Any CPU
		{3995E4EC-E2D3-4500-9FA0-5B94EBE8C943}.Release DLL|Win32.ActiveCfg = Release|Any CPU
		{3995E4EC-E2D3-4500-9FA0-5B94EBE8C943}.Release|Any CPU.ActiveCfg = Release|Any CPU
		{3995E4EC-E2D3-4500-9FA0-5B94EBE8C943}.Release|Any CPU.Build.0 = Release|Any CPU
		{3995E4EC-E2D3-4500-9FA0-5B94EBE8C943}.Release|Mixed Platforms.ActiveCfg = Release|Any CPU
		{3995E4EC-E2D3-4500-9FA0-5B94EBE8C943}.Release|Mixed Platforms.Build.0 = Release|Any CPU
		{3995E4EC-E2D3-4500-9FA0-5B94EBE8C943}.Release|Win32.ActiveCfg = Release|Any CPU
		{3995E4EC-E2D3-4500-9FA0-5B94EBE8C943}.ReleaseMT|Any CPU.ActiveCfg = Release|Any CPU
		{3995E4EC-E2D3-4500-9FA0-5B94EBE8C943}.ReleaseMT|Any CPU.Build.0 = Release|Any CPU
		{3995E4EC-E2D3-4500-9FA0-5B94EBE8C943}.ReleaseMT|Mixed Platforms.ActiveCfg = Release|Any CPU
		{3995E4EC-E2D3-4500-9FA0-5B94EBE8C943}.ReleaseMT|Mixed Platforms.Build.0 = Release|Any CPU
		{3995E4EC-E2D3-4500-9FA0-5B94EBE8C943}.ReleaseMT|Win32.ActiveCfg = Release|Any CPU
		{3995E4EC-E2D3-4500-9FA0-5B94EBE8C943}.Shipping DLL|Any CPU.ActiveCfg = External Relase|Any CPU
		{3995E4EC-E2D3-4500-9FA0-5B94EBE8C943}.Shipping DLL|Any CPU.Build.0 = External Relase|Any CPU
		{3995E4EC-E2D3-4500-9FA0-5B94EBE8C943}.Shipping DLL|Mixed Platforms.ActiveCfg = External Relase|Any CPU
		{3995E4EC-E2D3-4500-9FA0-5B94EBE8C943}.Shipping DLL|Mixed Platforms.Build.0 = External Relase|Any CPU
		{3995E4EC-E2D3-4500-9FA0-5B94EBE8C943}.Shipping DLL|Win32.ActiveCfg = External Relase|Any CPU
		{3995E4EC-E2D3-4500-9FA0-5B94EBE8C943}.Shipping|Any CPU.ActiveCfg = External Relase|Any CPU
		{3995E4EC-E2D3-4500-9FA0-5B94EBE8C943}.Shipping|Any CPU.Build.0 = External Relase|Any CPU
		{3995E4EC-E2D3-4500-9FA0-5B94EBE8C943}.Shipping|Mixed Platforms.ActiveCfg = External Relase|Any CPU
		{3995E4EC-E2D3-4500-9FA0-5B94EBE8C943}.Shipping|Mixed Platforms.Build.0 = External Relase|Any CPU
		{3995E4EC-E2D3-4500-9FA0-5B94EBE8C943}.Shipping|Win32.ActiveCfg = External Relase|Any CPU
		{34E9B537-EDA9-4DB8-BDE0-116BE83F3C1D}.Debug DLL|Any CPU.ActiveCfg = Release DLL|Win32
		{34E9B537-EDA9-4DB8-BDE0-116BE83F3C1D}.Debug DLL|Any CPU.Build.0 = Release DLL|Win32
		{34E9B537-EDA9-4DB8-BDE0-116BE83F3C1D}.Debug DLL|Mixed Platforms.ActiveCfg = Debug DLL|Win32
		{34E9B537-EDA9-4DB8-BDE0-116BE83F3C1D}.Debug DLL|Mixed Platforms.Build.0 = Debug DLL|Win32
		{34E9B537-EDA9-4DB8-BDE0-116BE83F3C1D}.Debug DLL|Win32.ActiveCfg = Debug DLL|Win32
		{34E9B537-EDA9-4DB8-BDE0-116BE83F3C1D}.Debug DLL|Win32.Build.0 = Debug DLL|Win32
		{34E9B537-EDA9-4DB8-BDE0-116BE83F3C1D}.Debug|Any CPU.ActiveCfg = Debug DLL|Win32
		{34E9B537-EDA9-4DB8-BDE0-116BE83F3C1D}.Debug|Mixed Platforms.ActiveCfg = Debug DLL|Win32
		{34E9B537-EDA9-4DB8-BDE0-116BE83F3C1D}.Debug|Mixed Platforms.Build.0 = Debug DLL|Win32
		{34E9B537-EDA9-4DB8-BDE0-116BE83F3C1D}.Debug|Win32.ActiveCfg = Debug DLL|Win32
		{34E9B537-EDA9-4DB8-BDE0-116BE83F3C1D}.Debug|Win32.Build.0 = Debug DLL|Win32
		{34E9B537-EDA9-4DB8-BDE0-116BE83F3C1D}.External Relase DLL|Any CPU.ActiveCfg = External Relase DLL|Win32
		{34E9B537-EDA9-4DB8-BDE0-116BE83F3C1D}.External Relase DLL|Any CPU.Build.0 = External Relase DLL|Win32
		{34E9B537-EDA9-4DB8-BDE0-116BE83F3C1D}.External Relase DLL|Mixed Platforms.ActiveCfg = External Relase DLL|Win32
		{34E9B537-EDA9-4DB8-BDE0-116BE83F3C1D}.External Relase DLL|Mixed Platforms.Build.0 = External Relase DLL|Win32
		{34E9B537-EDA9-4DB8-BDE0-116BE83F3C1D}.External Relase DLL|Win32.ActiveCfg = External Relase DLL|Win32
		{34E9B537-EDA9-4DB8-BDE0-116BE83F3C1D}.External Relase DLL|Win32.Build.0 = External Relase DLL|Win32
		{34E9B537-EDA9-4DB8-BDE0-116BE83F3C1D}.Release DLL|Any CPU.ActiveCfg = Release DLL|Win32
		{34E9B537-EDA9-4DB8-BDE0-116BE83F3C1D}.Release DLL|Any CPU.Build.0 = Release DLL|Win32
		{34E9B537-EDA9-4DB8-BDE0-116BE83F3C1D}.Release DLL|Mixed Platforms.ActiveCfg = Release DLL|Win32
		{34E9B537-EDA9-4DB8-BDE0-116BE83F3C1D}.Release DLL|Mixed Platforms.Build.0 = Release DLL|Win32
		{34E9B537-EDA9-4DB8-BDE0-116BE83F3C1D}.Release DLL|Win32.ActiveCfg = Release DLL|Win32
		{34E9B537-EDA9-4DB8-BDE0-116BE83F3C1D}.Release DLL|Win32.Build.0 = Release DLL|Win32
		{34E9B537-EDA9-4DB8-BDE0-116BE83F3C1D}.Release|Any CPU.ActiveCfg = Release DLL|Win32
		{34E9B537-EDA9-4DB8-BDE0-116BE83F3C1D}.Release|Mixed Platforms.ActiveCfg = Release DLL|Win32
		{34E9B537-EDA9-4DB8-BDE0-116BE83F3C1D}.Release|Mixed Platforms.Build.0 = Release DLL|Win32
		{34E9B537-EDA9-4DB8-BDE0-116BE83F3C1D}.Release|Win32.ActiveCfg = Release DLL|Win32
		{34E9B537-EDA9-4DB8-BDE0-116BE83F3C1D}.Release|Win32.Build.0 = Release DLL|Win32
		{34E9B537-EDA9-4DB8-BDE0-116BE83F3C1D}.ReleaseMT|Any CPU.ActiveCfg = Release DLL|Win32
		{34E9B537-EDA9-4DB8-BDE0-116BE83F3C1D}.ReleaseMT|Mixed Platforms.ActiveCfg = Release DLL|Win32
		{34E9B537-EDA9-4DB8-BDE0-116BE83F3C1D}.ReleaseMT|Mixed Platforms.Build.0 = Release DLL|Win32
		{34E9B537-EDA9-4DB8-BDE0-116BE83F3C1D}.ReleaseMT|Win32.ActiveCfg = Release DLL|Win32
		{34E9B537-EDA9-4DB8-BDE0-116BE83F3C1D}.ReleaseMT|Win32.Build.0 = Release DLL|Win32
		{34E9B537-EDA9-4DB8-BDE0-116BE83F3C1D}.Shipping DLL|Any CPU.ActiveCfg = External Relase DLL|Win32
		{34E9B537-EDA9-4DB8-BDE0-116BE83F3C1D}.Shipping DLL|Any CPU.Build.0 = External Relase DLL|Win32
		{34E9B537-EDA9-4DB8-BDE0-116BE83F3C1D}.Shipping DLL|Mixed Platforms.ActiveCfg = External Relase DLL|Win32
		{34E9B537-EDA9-4DB8-BDE0-116BE83F3C1D}.Shipping DLL|Mixed Platforms.Build.0 = External Relase DLL|Win32
		{34E9B537-EDA9-4DB8-BDE0-116BE83F3C1D}.Shipping DLL|Win32.ActiveCfg = External Relase DLL|Win32
		{34E9B537-EDA9-4DB8-BDE0-116BE83F3C1D}.Shipping DLL|Win32.Build.0 = External Relase DLL|Win32
		{34E9B537-EDA9-4DB8-BDE0-116BE83F3C1D}.Shipping|Any CPU.ActiveCfg = External Relase DLL|Win32
		{34E9B537-EDA9-4DB8-BDE0-116BE83F3C1D}.Shipping|Mixed Platforms.ActiveCfg = External Relase DLL|Win32
		{34E9B537-EDA9-4DB8-BDE0-116BE83F3C1D}.Shipping|Mixed Platforms.Build.0 = External Relase DLL|Win32
		{34E9B537-EDA9-4DB8-BDE0-116BE83F3C1D}.Shipping|Win32.ActiveCfg = External Relase DLL|Win32
		{34E9B537-EDA9-4DB8-BDE0-116BE83F3C1D}.Shipping|Win32.Build.0 = External Relase DLL|Win32
	EndGlobalSection
	GlobalSection(SolutionProperties) = preSolution
		HideSolutionNode = FALSE
	EndGlobalSection
EndGlobal
