Microsoft Visual Studio Solution File, Format Version 8.00
Project("{8BC9CEB8-8B4A-11D0-8D11-00A0C91BC942}") = "CJ60Lib", "CJ60Lib.vcproj", "{1DB1E3C2-730E-4F98-BEDB-041315A8598B}"
	ProjectSection(ProjectDependencies) = postProject
	EndProjectSection
EndProject
Global
	GlobalSection(SourceCodeControl) = preSolution
		SccNumberOfProjects = 1
		SccProjectUniqueName0 = CJ60Lib.vcproj
		SccProjectName0 = \u0022$/Src/CJ60Lib\u0022,\u0020KCAAAAAA
		SccLocalPath0 = .
		SccProvider0 = MSSCCI:Microsoft\u0020Visual\u0020SourceSafe
	EndGlobalSection
	GlobalSection(SolutionConfiguration) = preSolution
		Debug = Debug
		Release = Release
	EndGlobalSection
	GlobalSection(ProjectConfiguration) = postSolution
		{1DB1E3C2-730E-4F98-BEDB-041315A8598B}.Debug.ActiveCfg = Debug|Win32
		{1DB1E3C2-730E-4F98-BEDB-041315A8598B}.Debug.Build.0 = Debug|Win32
		{1DB1E3C2-730E-4F98-BEDB-041315A8598B}.Release.ActiveCfg = Release|Win32
		{1DB1E3C2-730E-4F98-BEDB-041315A8598B}.Release.Build.0 = Release|Win32
	EndGlobalSection
	GlobalSection(ExtensibilityGlobals) = postSolution
	EndGlobalSection
	GlobalSection(ExtensibilityAddIns) = postSolution
	EndGlobalSection
EndGlobal
