
Microsoft Visual Studio Solution File, Format Version 9.00
# Visual Studio 2005
Project("{8BC9CEB8-8B4A-11D0-8D11-00A0C91BC942}") = "CJ60Lib", "source\CJ60Lib\CJ60Lib.vcproj", "{1DB1E3C2-730E-4F98-BEDB-041315A8598B}"
EndProject
Project("{8BC9CEB8-8B4A-11D0-8D11-00A0C91BC942}") = "CJ60StaticLib", "source\CJ60Lib\CJ60StaticLib.vcproj", "{5E0285BD-2399-487F-9A3E-82FB9FE46BFA}"
EndProject
Project("{8BC9CEB8-8B4A-11D0-8D11-00A0C91BC942}") = "SciLexer", "source\scintilla\SciLexer.vcproj", "{7F025666-548E-4828-909D-A025DCCCD53B}"
EndProject
Project("{8BC9CEB8-8B4A-11D0-8D11-00A0C91BC942}") = "compiler", "source\compiler\compiler.vcproj", "{13CDF1A3-C183-4FB9-AC6C-4BD2F377F383}"
	ProjectSection(ProjectDependencies) = postProject
		{3A8FC10F-5C68-4FBA-9D27-553153C07AB8} = {3A8FC10F-5C68-4FBA-9D27-553153C07AB8}
		{01081755-62DD-41E4-9672-BEE533877D20} = {01081755-62DD-41E4-9672-BEE533877D20}
	EndProjectSection
EndProject
Project("{8BC9CEB8-8B4A-11D0-8D11-00A0C91BC942}") = "core", "SOURCE\core\core.vcproj", "{3A8FC10F-5C68-4FBA-9D27-553153C07AB8}"
EndProject
Project("{8BC9CEB8-8B4A-11D0-8D11-00A0C91BC942}") = "dbg_stub", "SOURCE\dbg_stub\dbg_stub.vcproj", "{82E91128-E0E9-4AE7-9CCF-5374ADB70438}"
EndProject
Project("{8BC9CEB8-8B4A-11D0-8D11-00A0C91BC942}") = "ide2", "source\Ide2\ide2.vcproj", "{C2A43C0A-3132-4BF1-B243-DAA6F54CCE38}"
	ProjectSection(ProjectDependencies) = postProject
		{1DB1E3C2-730E-4F98-BEDB-041315A8598B} = {1DB1E3C2-730E-4F98-BEDB-041315A8598B}
		{7F025666-548E-4828-909D-A025DCCCD53B} = {7F025666-548E-4828-909D-A025DCCCD53B}
		{13CDF1A3-C183-4FB9-AC6C-4BD2F377F383} = {13CDF1A3-C183-4FB9-AC6C-4BD2F377F383}
		{3A8FC10F-5C68-4FBA-9D27-553153C07AB8} = {3A8FC10F-5C68-4FBA-9D27-553153C07AB8}
		{01081755-62DD-41E4-9672-BEE533877D20} = {01081755-62DD-41E4-9672-BEE533877D20}
		{26784475-ACD1-4ABA-B939-C18D1B19BB9B} = {26784475-ACD1-4ABA-B939-C18D1B19BB9B}
		{C5772F62-3A0A-494D-B960-0D41103D4231} = {C5772F62-3A0A-494D-B960-0D41103D4231}
		{5454EC79-5C1F-488B-879F-56153CCA0126} = {5454EC79-5C1F-488B-879F-56153CCA0126}
	EndProjectSection
EndProject
Project("{8BC9CEB8-8B4A-11D0-8D11-00A0C91BC942}") = "interpreter", "SOURCE\interpreter\interpreter.vcproj", "{C5772F62-3A0A-494D-B960-0D41103D4231}"
	ProjectSection(ProjectDependencies) = postProject
		{3A8FC10F-5C68-4FBA-9D27-553153C07AB8} = {3A8FC10F-5C68-4FBA-9D27-553153C07AB8}
		{01081755-62DD-41E4-9672-BEE533877D20} = {01081755-62DD-41E4-9672-BEE533877D20}
	EndProjectSection
EndProject
Project("{8BC9CEB8-8B4A-11D0-8D11-00A0C91BC942}") = "libapi", "SOURCE\libapi\libapi.vcproj", "{5454EC79-5C1F-488B-879F-56153CCA0126}"
EndProject
Project("{8BC9CEB8-8B4A-11D0-8D11-00A0C91BC942}") = "standard", "source\standard\standard.vcproj", "{01081755-62DD-41E4-9672-BEE533877D20}"
EndProject
Project("{8BC9CEB8-8B4A-11D0-8D11-00A0C91BC942}") = "stdlib", "SOURCE\stdlib\stdlib.vcproj", "{26784475-ACD1-4ABA-B939-C18D1B19BB9B}"
	ProjectSection(ProjectDependencies) = postProject
		{5454EC79-5C1F-488B-879F-56153CCA0126} = {5454EC79-5C1F-488B-879F-56153CCA0126}
	EndProjectSection
EndProject
Global
	GlobalSection(SolutionConfigurationPlatforms) = preSolution
		Debug|Win32 = Debug|Win32
		Release|Win32 = Release|Win32
	EndGlobalSection
	GlobalSection(ProjectConfigurationPlatforms) = postSolution
		{1DB1E3C2-730E-4F98-BEDB-041315A8598B}.Debug|Win32.ActiveCfg = Debug|Win32
		{1DB1E3C2-730E-4F98-BEDB-041315A8598B}.Debug|Win32.Build.0 = Debug|Win32
		{1DB1E3C2-730E-4F98-BEDB-041315A8598B}.Release|Win32.ActiveCfg = Release|Win32
		{1DB1E3C2-730E-4F98-BEDB-041315A8598B}.Release|Win32.Build.0 = Release|Win32
		{5E0285BD-2399-487F-9A3E-82FB9FE46BFA}.Debug|Win32.ActiveCfg = Debug|Win32
		{5E0285BD-2399-487F-9A3E-82FB9FE46BFA}.Debug|Win32.Build.0 = Debug|Win32
		{5E0285BD-2399-487F-9A3E-82FB9FE46BFA}.Release|Win32.ActiveCfg = Release|Win32
		{5E0285BD-2399-487F-9A3E-82FB9FE46BFA}.Release|Win32.Build.0 = Release|Win32
		{7F025666-548E-4828-909D-A025DCCCD53B}.Debug|Win32.ActiveCfg = Debug|Win32
		{7F025666-548E-4828-909D-A025DCCCD53B}.Debug|Win32.Build.0 = Debug|Win32
		{7F025666-548E-4828-909D-A025DCCCD53B}.Release|Win32.ActiveCfg = Release|Win32
		{7F025666-548E-4828-909D-A025DCCCD53B}.Release|Win32.Build.0 = Release|Win32
		{13CDF1A3-C183-4FB9-AC6C-4BD2F377F383}.Debug|Win32.ActiveCfg = Debug|Win32
		{13CDF1A3-C183-4FB9-AC6C-4BD2F377F383}.Debug|Win32.Build.0 = Debug|Win32
		{13CDF1A3-C183-4FB9-AC6C-4BD2F377F383}.Release|Win32.ActiveCfg = Release|Win32
		{13CDF1A3-C183-4FB9-AC6C-4BD2F377F383}.Release|Win32.Build.0 = Release|Win32
		{3A8FC10F-5C68-4FBA-9D27-553153C07AB8}.Debug|Win32.ActiveCfg = Debug|Win32
		{3A8FC10F-5C68-4FBA-9D27-553153C07AB8}.Debug|Win32.Build.0 = Debug|Win32
		{3A8FC10F-5C68-4FBA-9D27-553153C07AB8}.Release|Win32.ActiveCfg = Release|Win32
		{3A8FC10F-5C68-4FBA-9D27-553153C07AB8}.Release|Win32.Build.0 = Release|Win32
		{82E91128-E0E9-4AE7-9CCF-5374ADB70438}.Debug|Win32.ActiveCfg = Debug|Win32
		{82E91128-E0E9-4AE7-9CCF-5374ADB70438}.Debug|Win32.Build.0 = Debug|Win32
		{82E91128-E0E9-4AE7-9CCF-5374ADB70438}.Release|Win32.ActiveCfg = Release|Win32
		{82E91128-E0E9-4AE7-9CCF-5374ADB70438}.Release|Win32.Build.0 = Release|Win32
		{C2A43C0A-3132-4BF1-B243-DAA6F54CCE38}.Debug|Win32.ActiveCfg = Debug|Win32
		{C2A43C0A-3132-4BF1-B243-DAA6F54CCE38}.Debug|Win32.Build.0 = Debug|Win32
		{C2A43C0A-3132-4BF1-B243-DAA6F54CCE38}.Release|Win32.ActiveCfg = Release|Win32
		{C2A43C0A-3132-4BF1-B243-DAA6F54CCE38}.Release|Win32.Build.0 = Release|Win32
		{C5772F62-3A0A-494D-B960-0D41103D4231}.Debug|Win32.ActiveCfg = Debug|Win32
		{C5772F62-3A0A-494D-B960-0D41103D4231}.Debug|Win32.Build.0 = Debug|Win32
		{C5772F62-3A0A-494D-B960-0D41103D4231}.Release|Win32.ActiveCfg = Release|Win32
		{C5772F62-3A0A-494D-B960-0D41103D4231}.Release|Win32.Build.0 = Release|Win32
		{5454EC79-5C1F-488B-879F-56153CCA0126}.Debug|Win32.ActiveCfg = Debug|Win32
		{5454EC79-5C1F-488B-879F-56153CCA0126}.Debug|Win32.Build.0 = Debug|Win32
		{5454EC79-5C1F-488B-879F-56153CCA0126}.Release|Win32.ActiveCfg = Release|Win32
		{5454EC79-5C1F-488B-879F-56153CCA0126}.Release|Win32.Build.0 = Release|Win32
		{01081755-62DD-41E4-9672-BEE533877D20}.Debug|Win32.ActiveCfg = Debug|Win32
		{01081755-62DD-41E4-9672-BEE533877D20}.Debug|Win32.Build.0 = Debug|Win32
		{01081755-62DD-41E4-9672-BEE533877D20}.Release|Win32.ActiveCfg = Release|Win32
		{01081755-62DD-41E4-9672-BEE533877D20}.Release|Win32.Build.0 = Release|Win32
		{26784475-ACD1-4ABA-B939-C18D1B19BB9B}.Debug|Win32.ActiveCfg = Debug|Win32
		{26784475-ACD1-4ABA-B939-C18D1B19BB9B}.Debug|Win32.Build.0 = Debug|Win32
		{26784475-ACD1-4ABA-B939-C18D1B19BB9B}.Release|Win32.ActiveCfg = Release|Win32
		{26784475-ACD1-4ABA-B939-C18D1B19BB9B}.Release|Win32.Build.0 = Release|Win32
	EndGlobalSection
	GlobalSection(SolutionProperties) = preSolution
		HideSolutionNode = FALSE
	EndGlobalSection
EndGlobal
