
Microsoft Visual Studio Solution File, Format Version 9.00
# Visual Studio 2005
Project("{8BC9CEB8-8B4A-11D0-8D11-00A0C91BC942}") = "QuestChecker", "QuestChecker.vcproj", "{5F26F436-1769-4E22-9074-AA663DB1A6DF}"
	ProjectSection(ProjectDependencies) = postProject
		{B70E3B9F-702A-4081-B800-0561AE064326} = {B70E3B9F-702A-4081-B800-0561AE064326}
		{77F61351-AD25-4FAF-9B3D-E9DF557011D7} = {77F61351-AD25-4FAF-9B3D-E9DF557011D7}
	EndProjectSection
EndProject
Project("{8BC9CEB8-8B4A-11D0-8D11-00A0C91BC942}") = "Variant", "..\..\Archangel\Weapons\Variant\Variant.vcproj", "{B70E3B9F-702A-4081-B800-0561AE064326}"
	ProjectSection(ProjectDependencies) = postProject
		{77F61351-AD25-4FAF-9B3D-E9DF557011D7} = {77F61351-AD25-4FAF-9B3D-E9DF557011D7}
	EndProjectSection
EndProject
Project("{8BC9CEB8-8B4A-11D0-8D11-00A0C91BC942}") = "Lohengrin", "..\..\Archangel\Weapons\Lohengrin\Lohengrin.vcproj", "{77F61351-AD25-4FAF-9B3D-E9DF557011D7}"
EndProject
Project("{2150E333-8FDC-42A3-9474-1A3956D46DE8}") = "Weapon", "Weapon", "{26B31B3A-0638-4814-BD16-3E6CBFDBDEB5}"
EndProject
Project("{8BC9CEB8-8B4A-11D0-8D11-00A0C91BC942}") = "Collins", "..\..\Archangel\Weapons\Collins\Collins.vcproj", "{DE46DDCC-66ED-4713-98E1-629F66E191F5}"
	ProjectSection(ProjectDependencies) = postProject
		{77F61351-AD25-4FAF-9B3D-E9DF557011D7} = {77F61351-AD25-4FAF-9B3D-E9DF557011D7}
	EndProjectSection
EndProject
Project("{8BC9CEB8-8B4A-11D0-8D11-00A0C91BC942}") = "FCS", "..\..\Archangel\Weapons\FCS\FCS.vcproj", "{4563CFB6-4E68-497D-BDD1-54E34BA3ABE9}"
	ProjectSection(ProjectDependencies) = postProject
		{77F61351-AD25-4FAF-9B3D-E9DF557011D7} = {77F61351-AD25-4FAF-9B3D-E9DF557011D7}
	EndProjectSection
EndProject
Project("{8BC9CEB8-8B4A-11D0-8D11-00A0C91BC942}") = "HellDart", "..\..\Archangel\Weapons\HellDart\HellDart.vcproj", "{DDDA6FAB-BDCF-49B8-AB69-3B27622C06D5}"
	ProjectSection(ProjectDependencies) = postProject
		{B70E3B9F-702A-4081-B800-0561AE064326} = {B70E3B9F-702A-4081-B800-0561AE064326}
		{77F61351-AD25-4FAF-9B3D-E9DF557011D7} = {77F61351-AD25-4FAF-9B3D-E9DF557011D7}
	EndProjectSection
EndProject
Project("{8BC9CEB8-8B4A-11D0-8D11-00A0C91BC942}") = "AilePack", "..\..\Archangel\Weapons\AilePack\AilePack.vcproj", "{150AC8A1-7A59-4C74-A239-22C547AD858B}"
EndProject
Global
	GlobalSection(SolutionConfigurationPlatforms) = preSolution
		Debug|Win32 = Debug|Win32
		ExternalRelease|Win32 = ExternalRelease|Win32
		Release|Win32 = Release|Win32
	EndGlobalSection
	GlobalSection(ProjectConfigurationPlatforms) = postSolution
		{5F26F436-1769-4E22-9074-AA663DB1A6DF}.Debug|Win32.ActiveCfg = Debug|Win32
		{5F26F436-1769-4E22-9074-AA663DB1A6DF}.Debug|Win32.Build.0 = Debug|Win32
		{5F26F436-1769-4E22-9074-AA663DB1A6DF}.ExternalRelease|Win32.ActiveCfg = ExternalRelease|Win32
		{5F26F436-1769-4E22-9074-AA663DB1A6DF}.ExternalRelease|Win32.Build.0 = ExternalRelease|Win32
		{5F26F436-1769-4E22-9074-AA663DB1A6DF}.Release|Win32.ActiveCfg = Release|Win32
		{5F26F436-1769-4E22-9074-AA663DB1A6DF}.Release|Win32.Build.0 = Release|Win32
		{B70E3B9F-702A-4081-B800-0561AE064326}.Debug|Win32.ActiveCfg = Lib MD|Win32
		{B70E3B9F-702A-4081-B800-0561AE064326}.Debug|Win32.Build.0 = Lib MD|Win32
		{B70E3B9F-702A-4081-B800-0561AE064326}.ExternalRelease|Win32.ActiveCfg = Lib MD|Win32
		{B70E3B9F-702A-4081-B800-0561AE064326}.ExternalRelease|Win32.Build.0 = Lib MD|Win32
		{B70E3B9F-702A-4081-B800-0561AE064326}.Release|Win32.ActiveCfg = Lib MD|Win32
		{B70E3B9F-702A-4081-B800-0561AE064326}.Release|Win32.Build.0 = Lib MD|Win32
		{77F61351-AD25-4FAF-9B3D-E9DF557011D7}.Debug|Win32.ActiveCfg = Lib MD|Win32
		{77F61351-AD25-4FAF-9B3D-E9DF557011D7}.Debug|Win32.Build.0 = Lib MD|Win32
		{77F61351-AD25-4FAF-9B3D-E9DF557011D7}.ExternalRelease|Win32.ActiveCfg = Lib MD|Win32
		{77F61351-AD25-4FAF-9B3D-E9DF557011D7}.ExternalRelease|Win32.Build.0 = Lib MD|Win32
		{77F61351-AD25-4FAF-9B3D-E9DF557011D7}.Release|Win32.ActiveCfg = Lib MD|Win32
		{77F61351-AD25-4FAF-9B3D-E9DF557011D7}.Release|Win32.Build.0 = Lib MD|Win32
		{DE46DDCC-66ED-4713-98E1-629F66E191F5}.Debug|Win32.ActiveCfg = Lib MD|Win32
		{DE46DDCC-66ED-4713-98E1-629F66E191F5}.Debug|Win32.Build.0 = Lib MD|Win32
		{DE46DDCC-66ED-4713-98E1-629F66E191F5}.ExternalRelease|Win32.ActiveCfg = Lib MD|Win32
		{DE46DDCC-66ED-4713-98E1-629F66E191F5}.ExternalRelease|Win32.Build.0 = Lib MD|Win32
		{DE46DDCC-66ED-4713-98E1-629F66E191F5}.Release|Win32.ActiveCfg = Lib MD|Win32
		{DE46DDCC-66ED-4713-98E1-629F66E191F5}.Release|Win32.Build.0 = Lib MD|Win32
		{4563CFB6-4E68-497D-BDD1-54E34BA3ABE9}.Debug|Win32.ActiveCfg = Lib MD|Win32
		{4563CFB6-4E68-497D-BDD1-54E34BA3ABE9}.Debug|Win32.Build.0 = Lib MD|Win32
		{4563CFB6-4E68-497D-BDD1-54E34BA3ABE9}.ExternalRelease|Win32.ActiveCfg = Lib MD|Win32
		{4563CFB6-4E68-497D-BDD1-54E34BA3ABE9}.ExternalRelease|Win32.Build.0 = Lib MD|Win32
		{4563CFB6-4E68-497D-BDD1-54E34BA3ABE9}.Release|Win32.ActiveCfg = Lib MD|Win32
		{4563CFB6-4E68-497D-BDD1-54E34BA3ABE9}.Release|Win32.Build.0 = Lib MD|Win32
		{DDDA6FAB-BDCF-49B8-AB69-3B27622C06D5}.Debug|Win32.ActiveCfg = Lib MD|Win32
		{DDDA6FAB-BDCF-49B8-AB69-3B27622C06D5}.Debug|Win32.Build.0 = Lib MD|Win32
		{DDDA6FAB-BDCF-49B8-AB69-3B27622C06D5}.ExternalRelease|Win32.ActiveCfg = Lib MD|Win32
		{DDDA6FAB-BDCF-49B8-AB69-3B27622C06D5}.ExternalRelease|Win32.Build.0 = Lib MD|Win32
		{DDDA6FAB-BDCF-49B8-AB69-3B27622C06D5}.Release|Win32.ActiveCfg = Lib MD|Win32
		{DDDA6FAB-BDCF-49B8-AB69-3B27622C06D5}.Release|Win32.Build.0 = Lib MD|Win32
		{150AC8A1-7A59-4C74-A239-22C547AD858B}.Debug|Win32.ActiveCfg = Lib MD|Win32
		{150AC8A1-7A59-4C74-A239-22C547AD858B}.Debug|Win32.Build.0 = Lib MD|Win32
		{150AC8A1-7A59-4C74-A239-22C547AD858B}.ExternalRelease|Win32.ActiveCfg = Lib MD|Win32
		{150AC8A1-7A59-4C74-A239-22C547AD858B}.ExternalRelease|Win32.Build.0 = Lib MD|Win32
		{150AC8A1-7A59-4C74-A239-22C547AD858B}.Release|Win32.ActiveCfg = Lib MD|Win32
		{150AC8A1-7A59-4C74-A239-22C547AD858B}.Release|Win32.Build.0 = Lib MD|Win32
	EndGlobalSection
	GlobalSection(SolutionProperties) = preSolution
		HideSolutionNode = FALSE
	EndGlobalSection
	GlobalSection(NestedProjects) = preSolution
		{77F61351-AD25-4FAF-9B3D-E9DF557011D7} = {26B31B3A-0638-4814-BD16-3E6CBFDBDEB5}
		{B70E3B9F-702A-4081-B800-0561AE064326} = {26B31B3A-0638-4814-BD16-3E6CBFDBDEB5}
		{DE46DDCC-66ED-4713-98E1-629F66E191F5} = {26B31B3A-0638-4814-BD16-3E6CBFDBDEB5}
		{4563CFB6-4E68-497D-BDD1-54E34BA3ABE9} = {26B31B3A-0638-4814-BD16-3E6CBFDBDEB5}
		{DDDA6FAB-BDCF-49B8-AB69-3B27622C06D5} = {26B31B3A-0638-4814-BD16-3E6CBFDBDEB5}
		{150AC8A1-7A59-4C74-A239-22C547AD858B} = {26B31B3A-0638-4814-BD16-3E6CBFDBDEB5}
	EndGlobalSection
EndGlobal
